// !$*UTF8*$!
{
	archiveVersion = 1;
	classes = {
	};
	objectVersion = 46;
	objects = {

/* Begin PBXBuildFile section */
		5C519A6C1537ECB00038E8E5 /* ImageWall.m in Sources */ = {isa = PBXBuildFile; fileRef = 5C519A6B1537ECB00038E8E5 /* ImageWall.m */; };
		5C519A7A15384F2B0038E8E5 /* ImageWallViewController.m in Sources */ = {isa = PBXBuildFile; fileRef = 5C519A7815384F2B0038E8E5 /* ImageWallViewController.m */; };
		5C519A7B15384F2B0038E8E5 /* ImageWallViewController.xib in Resources */ = {isa = PBXBuildFile; fileRef = 5C519A7915384F2B0038E8E5 /* ImageWallViewController.xib */; };
		5C8323E3153CA4CE00C0895D /* UIImage+Alpha.m in Sources */ = {isa = PBXBuildFile; fileRef = 5C8323DE153CA4CE00C0895D /* UIImage+Alpha.m */; };
		5C8323E4153CA4CE00C0895D /* UIImage+Resize.m in Sources */ = {isa = PBXBuildFile; fileRef = 5C8323E0153CA4CE00C0895D /* UIImage+Resize.m */; };
		5C8323E5153CA4CE00C0895D /* UIImage+RoundedCorner.m in Sources */ = {isa = PBXBuildFile; fileRef = 5C8323E2153CA4CE00C0895D /* UIImage+RoundedCorner.m */; };
		5CD9A098153881F200A65501 /* InfoPlist.strings in Resources */ = {isa = PBXBuildFile; fileRef = 5CD9A091153881F200A65501 /* InfoPlist.strings */; };
		5CD9A099153881F200A65501 /* tabFolder.png in Resources */ = {isa = PBXBuildFile; fileRef = 5CD9A094153881F200A65501 /* tabFolder.png */; };
		5CD9A09A153881F200A65501 /* tabPortrait.png in Resources */ = {isa = PBXBuildFile; fileRef = 5CD9A095153881F200A65501 /* tabPortrait.png */; };
		5CD9A09B153881F200A65501 /* tabTarget.png in Resources */ = {isa = PBXBuildFile; fileRef = 5CD9A096153881F200A65501 /* tabTarget.png */; };
		5CD9A09C153881F200A65501 /* target.png in Resources */ = {isa = PBXBuildFile; fileRef = 5CD9A097153881F200A65501 /* target.png */; };
		5CD9D2C41537ACAC00588B56 /* AppDelegate.m in Sources */ = {isa = PBXBuildFile; fileRef = 5CD9D2C21537ACAC00588B56 /* AppDelegate.m */; };
		5CD9D2C51537ACAC00588B56 /* main.m in Sources */ = {isa = PBXBuildFile; fileRef = 5CD9D2C31537ACAC00588B56 /* main.m */; };
		5CD9D2D01537AD6700588B56 /* README in Resources */ = {isa = PBXBuildFile; fileRef = 5CD9D2CF1537AD6700588B56 /* README */; };
		5CD9D2D51537AE9400588B56 /* ImagePickerViewController.m in Sources */ = {isa = PBXBuildFile; fileRef = 5CD9D2D41537AE9400588B56 /* ImagePickerViewController.m */; };
		5CD9D2D91537BAAE00588B56 /* TouchImageView.m in Sources */ = {isa = PBXBuildFile; fileRef = 5CD9D2D81537BAAE00588B56 /* TouchImageView.m */; };
		5CDC8AD51537ABAC0087B9EC /* UIKit.framework in Frameworks */ = {isa = PBXBuildFile; fileRef = 5CDC8AD41537ABAC0087B9EC /* UIKit.framework */; };
		5CDC8AD71537ABAC0087B9EC /* Foundation.framework in Frameworks */ = {isa = PBXBuildFile; fileRef = 5CDC8AD61537ABAC0087B9EC /* Foundation.framework */; };
		5CDC8AD91537ABAC0087B9EC /* CoreGraphics.framework in Frameworks */ = {isa = PBXBuildFile; fileRef = 5CDC8AD81537ABAC0087B9EC /* CoreGraphics.framework */; };
		5CF71814153B961900A57B5C /* AR_EAGLView.mm in Sources */ = {isa = PBXBuildFile; fileRef = 5CF71802153B961900A57B5C /* AR_EAGLView.mm */; };
		5CF71815153B961900A57B5C /* ARParentViewController.m in Sources */ = {isa = PBXBuildFile; fileRef = 5CF71804153B961900A57B5C /* ARParentViewController.m */; };
		5CF71816153B961900A57B5C /* ARViewController.mm in Sources */ = {isa = PBXBuildFile; fileRef = 5CF71806153B961900A57B5C /* ARViewController.mm */; };
		5CF71817153B961900A57B5C /* OverlayView.m in Sources */ = {isa = PBXBuildFile; fileRef = 5CF71808153B961900A57B5C /* OverlayView.m */; };
		5CF71818153B961900A57B5C /* OverlayViewController.mm in Sources */ = {isa = PBXBuildFile; fileRef = 5CF7180A153B961900A57B5C /* OverlayViewController.mm */; };
		5CF71819153B961900A57B5C /* QCARutils.mm in Sources */ = {isa = PBXBuildFile; fileRef = 5CF7180C153B961900A57B5C /* QCARutils.mm */; };
		5CF7181C153B961900A57B5C /* ShaderUtils.cpp in Sources */ = {isa = PBXBuildFile; fileRef = 5CF71810153B961900A57B5C /* ShaderUtils.cpp */; };
		5CF7181D153B961900A57B5C /* Texture.mm in Sources */ = {isa = PBXBuildFile; fileRef = 5CF71813153B961900A57B5C /* Texture.mm */; };
		5CF71821153B96FA00A57B5C /* QCARViewController.mm in Sources */ = {isa = PBXBuildFile; fileRef = 5CF71820153B96FA00A57B5C /* QCARViewController.mm */; };
		5CF7183A153BA45B00A57B5C /* Default-Portrait~ipad.png in Resources */ = {isa = PBXBuildFile; fileRef = 5CF71834153BA45B00A57B5C /* Default-Portrait~ipad.png */; };
		5CF7183B153BA45B00A57B5C /* Default.png in Resources */ = {isa = PBXBuildFile; fileRef = 5CF71835153BA45B00A57B5C /* Default.png */; };
		5CF7183C153BA45B00A57B5C /* Default@2x.png in Resources */ = {isa = PBXBuildFile; fileRef = 5CF71836153BA45B00A57B5C /* Default@2x.png */; };
		5CF7183D153BA45B00A57B5C /* icon_vuforia_57x57.png in Resources */ = {isa = PBXBuildFile; fileRef = 5CF71837153BA45B00A57B5C /* icon_vuforia_57x57.png */; };
		5CF7183E153BA45B00A57B5C /* icon_vuforia_72x72.png in Resources */ = {isa = PBXBuildFile; fileRef = 5CF71838153BA45B00A57B5C /* icon_vuforia_72x72.png */; };
		5CF7183F153BA45B00A57B5C /* icon_vuforia_114x114.png in Resources */ = {isa = PBXBuildFile; fileRef = 5CF71839153BA45B00A57B5C /* icon_vuforia_114x114.png */; };
		5CF71847153BA52C00A57B5C /* QuartzCore.framework in Frameworks */ = {isa = PBXBuildFile; fileRef = 5CF71846153BA52C00A57B5C /* QuartzCore.framework */; };
		5CF71849153BA53C00A57B5C /* CoreMedia.framework in Frameworks */ = {isa = PBXBuildFile; fileRef = 5CF71848153BA53C00A57B5C /* CoreMedia.framework */; };
		5CF7184B153BA54600A57B5C /* SystemConfiguration.framework in Frameworks */ = {isa = PBXBuildFile; fileRef = 5CF7184A153BA54600A57B5C /* SystemConfiguration.framework */; };
		5CF7184D153BA54A00A57B5C /* AVFoundation.framework in Frameworks */ = {isa = PBXBuildFile; fileRef = 5CF7184C153BA54A00A57B5C /* AVFoundation.framework */; };
		5CF7184F153BA55400A57B5C /* CoreVideo.framework in Frameworks */ = {isa = PBXBuildFile; fileRef = 5CF7184E153BA55400A57B5C /* CoreVideo.framework */; };
		5CF71851153BA55E00A57B5C /* Security.framework in Frameworks */ = {isa = PBXBuildFile; fileRef = 5CF71850153BA55E00A57B5C /* Security.framework */; };
		5CF71853153BA69800A57B5C /* libQCAR.a in Frameworks */ = {isa = PBXBuildFile; fileRef = 5CF71852153BA69800A57B5C /* libQCAR.a */; };
		5CF71855153BA6D100A57B5C /* OpenGLES.framework in Frameworks */ = {isa = PBXBuildFile; fileRef = 5CF71854153BA6D100A57B5C /* OpenGLES.framework */; };
		5CF71858153BA8CA00A57B5C /* EAGLView.mm in Sources */ = {isa = PBXBuildFile; fileRef = 5CF71857153BA8CA00A57B5C /* EAGLView.mm */; };
		5CF71861153BAC8300A57B5C /* StonesAndChips.dat in Resources */ = {isa = PBXBuildFile; fileRef = 5CF7185A153BAC8300A57B5C /* StonesAndChips.dat */; };
		5CF71862153BAC8300A57B5C /* StonesAndChips.xml in Resources */ = {isa = PBXBuildFile; fileRef = 5CF7185B153BAC8300A57B5C /* StonesAndChips.xml */; };
		5CF71863153BAC8300A57B5C /* Tarmac.dat in Resources */ = {isa = PBXBuildFile; fileRef = 5CF7185C153BAC8300A57B5C /* Tarmac.dat */; };
		5CF71864153BAC8300A57B5C /* Tarmac.xml in Resources */ = {isa = PBXBuildFile; fileRef = 5CF7185D153BAC8300A57B5C /* Tarmac.xml */; };
		5CF71865153BAC8300A57B5C /* TextureTeapotBlue.png in Resources */ = {isa = PBXBuildFile; fileRef = 5CF7185E153BAC8300A57B5C /* TextureTeapotBlue.png */; };
		5CF71866153BAC8300A57B5C /* TextureTeapotBrass.png in Resources */ = {isa = PBXBuildFile; fileRef = 5CF7185F153BAC8300A57B5C /* TextureTeapotBrass.png */; };
		5CF71867153BAC8300A57B5C /* TextureTeapotRed.png in Resources */ = {isa = PBXBuildFile; fileRef = 5CF71860153BAC8300A57B5C /* TextureTeapotRed.png */; };
		5CF7186A153BBAC400A57B5C /* Plane3D.m in Sources */ = {isa = PBXBuildFile; fileRef = 5CF71869153BBAC400A57B5C /* Plane3D.m */; };
/* End PBXBuildFile section */

/* Begin PBXFileReference section */
		5C519A6A1537ECB00038E8E5 /* ImageWall.h */ = {isa = PBXFileReference; fileEncoding = 4; lastKnownFileType = sourcecode.c.h; path = ImageWall.h; sourceTree = "<group>"; };
		5C519A6B1537ECB00038E8E5 /* ImageWall.m */ = {isa = PBXFileReference; fileEncoding = 4; lastKnownFileType = sourcecode.c.objc; path = ImageWall.m; sourceTree = "<group>"; };
		5C519A7715384F2B0038E8E5 /* ImageWallViewController.h */ = {isa = PBXFileReference; fileEncoding = 4; lastKnownFileType = sourcecode.c.h; name = ImageWallViewController.h; path = Classes/ImageWallViewController.h; sourceTree = SOURCE_ROOT; };
		5C519A7815384F2B0038E8E5 /* ImageWallViewController.m */ = {isa = PBXFileReference; fileEncoding = 4; lastKnownFileType = sourcecode.c.objc; name = ImageWallViewController.m; path = Classes/ImageWallViewController.m; sourceTree = SOURCE_ROOT; };
		5C519A7915384F2B0038E8E5 /* ImageWallViewController.xib */ = {isa = PBXFileReference; fileEncoding = 4; lastKnownFileType = file.xib; name = ImageWallViewController.xib; path = Classes/ImageWallViewController.xib; sourceTree = SOURCE_ROOT; };
		5C8323DD153CA4CE00C0895D /* UIImage+Alpha.h */ = {isa = PBXFileReference; fileEncoding = 4; lastKnownFileType = sourcecode.c.h; path = "UIImage+Alpha.h"; sourceTree = "<group>"; };
		5C8323DE153CA4CE00C0895D /* UIImage+Alpha.m */ = {isa = PBXFileReference; fileEncoding = 4; lastKnownFileType = sourcecode.c.objc; path = "UIImage+Alpha.m"; sourceTree = "<group>"; };
		5C8323DF153CA4CE00C0895D /* UIImage+Resize.h */ = {isa = PBXFileReference; fileEncoding = 4; lastKnownFileType = sourcecode.c.h; path = "UIImage+Resize.h"; sourceTree = "<group>"; };
		5C8323E0153CA4CE00C0895D /* UIImage+Resize.m */ = {isa = PBXFileReference; fileEncoding = 4; lastKnownFileType = sourcecode.c.objc; path = "UIImage+Resize.m"; sourceTree = "<group>"; };
		5C8323E1153CA4CE00C0895D /* UIImage+RoundedCorner.h */ = {isa = PBXFileReference; fileEncoding = 4; lastKnownFileType = sourcecode.c.h; path = "UIImage+RoundedCorner.h"; sourceTree = "<group>"; };
		5C8323E2153CA4CE00C0895D /* UIImage+RoundedCorner.m */ = {isa = PBXFileReference; fileEncoding = 4; lastKnownFileType = sourcecode.c.objc; path = "UIImage+RoundedCorner.m"; sourceTree = "<group>"; };
		5CD9A092153881F200A65501 /* en */ = {isa = PBXFileReference; lastKnownFileType = text.plist.strings; name = en; path = InfoPlist.strings; sourceTree = "<group>"; };
		5CD9A094153881F200A65501 /* tabFolder.png */ = {isa = PBXFileReference; lastKnownFileType = image.png; path = tabFolder.png; sourceTree = "<group>"; };
		5CD9A095153881F200A65501 /* tabPortrait.png */ = {isa = PBXFileReference; lastKnownFileType = image.png; path = tabPortrait.png; sourceTree = "<group>"; };
		5CD9A096153881F200A65501 /* tabTarget.png */ = {isa = PBXFileReference; lastKnownFileType = image.png; path = tabTarget.png; sourceTree = "<group>"; };
		5CD9A097153881F200A65501 /* target.png */ = {isa = PBXFileReference; lastKnownFileType = image.png; path = target.png; sourceTree = "<group>"; };
		5CD9D2C11537ACAC00588B56 /* AppDelegate.h */ = {isa = PBXFileReference; fileEncoding = 4; lastKnownFileType = sourcecode.c.h; name = AppDelegate.h; path = ../Classes/AppDelegate.h; sourceTree = "<group>"; };
		5CD9D2C21537ACAC00588B56 /* AppDelegate.m */ = {isa = PBXFileReference; fileEncoding = 4; lastKnownFileType = sourcecode.c.objc; name = AppDelegate.m; path = ../Classes/AppDelegate.m; sourceTree = "<group>"; };
		5CD9D2C31537ACAC00588B56 /* main.m */ = {isa = PBXFileReference; fileEncoding = 4; lastKnownFileType = sourcecode.c.objc; name = main.m; path = ../Classes/main.m; sourceTree = "<group>"; };
		5CD9D2CF1537AD6700588B56 /* README */ = {isa = PBXFileReference; fileEncoding = 4; lastKnownFileType = text; path = README; sourceTree = "<group>"; };
		5CD9D2D31537AE9400588B56 /* ImagePickerViewController.h */ = {isa = PBXFileReference; fileEncoding = 4; lastKnownFileType = sourcecode.c.h; name = ImagePickerViewController.h; path = ../Classes/ImagePickerViewController.h; sourceTree = "<group>"; };
		5CD9D2D41537AE9400588B56 /* ImagePickerViewController.m */ = {isa = PBXFileReference; fileEncoding = 4; lastKnownFileType = sourcecode.c.objc; name = ImagePickerViewController.m; path = ../Classes/ImagePickerViewController.m; sourceTree = "<group>"; };
		5CD9D2D71537BAAE00588B56 /* TouchImageView.h */ = {isa = PBXFileReference; fileEncoding = 4; lastKnownFileType = sourcecode.c.h; name = TouchImageView.h; path = Classes/TouchImageView.h; sourceTree = SOURCE_ROOT; };
		5CD9D2D81537BAAE00588B56 /* TouchImageView.m */ = {isa = PBXFileReference; fileEncoding = 4; lastKnownFileType = sourcecode.c.objc; name = TouchImageView.m; path = Classes/TouchImageView.m; sourceTree = SOURCE_ROOT; };
		5CD9D2DA1537BD2E00588B56 /* vuforia-wall-Info.plist */ = {isa = PBXFileReference; lastKnownFileType = text.plist.xml; path = "vuforia-wall-Info.plist"; sourceTree = "<group>"; };
		5CD9D2DB1537BD2E00588B56 /* vuforia-wall-Prefix.pch */ = {isa = PBXFileReference; lastKnownFileType = sourcecode.c.h; path = "vuforia-wall-Prefix.pch"; sourceTree = "<group>"; };
		5CDC8AD01537ABAC0087B9EC /* vuforia-wall.app */ = {isa = PBXFileReference; explicitFileType = wrapper.application; includeInIndex = 0; path = "vuforia-wall.app"; sourceTree = BUILT_PRODUCTS_DIR; };
		5CDC8AD41537ABAC0087B9EC /* UIKit.framework */ = {isa = PBXFileReference; lastKnownFileType = wrapper.framework; name = UIKit.framework; path = System/Library/Frameworks/UIKit.framework; sourceTree = SDKROOT; };
		5CDC8AD61537ABAC0087B9EC /* Foundation.framework */ = {isa = PBXFileReference; lastKnownFileType = wrapper.framework; name = Foundation.framework; path = System/Library/Frameworks/Foundation.framework; sourceTree = SDKROOT; };
		5CDC8AD81537ABAC0087B9EC /* CoreGraphics.framework */ = {isa = PBXFileReference; lastKnownFileType = wrapper.framework; name = CoreGraphics.framework; path = System/Library/Frameworks/CoreGraphics.framework; sourceTree = SDKROOT; };
		5CF717FC153B959700A57B5C /* Teapot.h */ = {isa = PBXFileReference; lastKnownFileType = sourcecode.c.h; name = Teapot.h; path = Classes/Teapot.h; sourceTree = SOURCE_ROOT; };
		5CF71801153B961900A57B5C /* AR_EAGLView.h */ = {isa = PBXFileReference; fileEncoding = 4; lastKnownFileType = sourcecode.c.h; path = AR_EAGLView.h; sourceTree = "<group>"; };
		5CF71802153B961900A57B5C /* AR_EAGLView.mm */ = {isa = PBXFileReference; fileEncoding = 4; lastKnownFileType = sourcecode.cpp.objcpp; path = AR_EAGLView.mm; sourceTree = "<group>"; };
		5CF71803153B961900A57B5C /* ARParentViewController.h */ = {isa = PBXFileReference; fileEncoding = 4; lastKnownFileType = sourcecode.c.h; path = ARParentViewController.h; sourceTree = "<group>"; };
		5CF71804153B961900A57B5C /* ARParentViewController.m */ = {isa = PBXFileReference; fileEncoding = 4; lastKnownFileType = sourcecode.c.objc; path = ARParentViewController.m; sourceTree = "<group>"; };
		5CF71805153B961900A57B5C /* ARViewController.h */ = {isa = PBXFileReference; fileEncoding = 4; lastKnownFileType = sourcecode.c.h; path = ARViewController.h; sourceTree = "<group>"; };
		5CF71806153B961900A57B5C /* ARViewController.mm */ = {isa = PBXFileReference; fileEncoding = 4; lastKnownFileType = sourcecode.cpp.objcpp; path = ARViewController.mm; sourceTree = "<group>"; };
		5CF71807153B961900A57B5C /* OverlayView.h */ = {isa = PBXFileReference; fileEncoding = 4; lastKnownFileType = sourcecode.c.h; path = OverlayView.h; sourceTree = "<group>"; };
		5CF71808153B961900A57B5C /* OverlayView.m */ = {isa = PBXFileReference; fileEncoding = 4; lastKnownFileType = sourcecode.c.objc; path = OverlayView.m; sourceTree = "<group>"; };
		5CF71809153B961900A57B5C /* OverlayViewController.h */ = {isa = PBXFileReference; fileEncoding = 4; lastKnownFileType = sourcecode.c.h; path = OverlayViewController.h; sourceTree = "<group>"; };
		5CF7180A153B961900A57B5C /* OverlayViewController.mm */ = {isa = PBXFileReference; fileEncoding = 4; lastKnownFileType = sourcecode.cpp.objcpp; path = OverlayViewController.mm; sourceTree = "<group>"; };
		5CF7180B153B961900A57B5C /* QCARutils.h */ = {isa = PBXFileReference; fileEncoding = 4; lastKnownFileType = sourcecode.c.h; path = QCARutils.h; sourceTree = "<group>"; };
		5CF7180C153B961900A57B5C /* QCARutils.mm */ = {isa = PBXFileReference; fileEncoding = 4; lastKnownFileType = sourcecode.cpp.objcpp; path = QCARutils.mm; sourceTree = "<group>"; };
		5CF7180E153B961900A57B5C /* Shader.fsh */ = {isa = PBXFileReference; fileEncoding = 4; lastKnownFileType = sourcecode.glsl; path = Shader.fsh; sourceTree = "<group>"; };
		5CF7180F153B961900A57B5C /* Shader.vsh */ = {isa = PBXFileReference; fileEncoding = 4; lastKnownFileType = sourcecode.glsl; path = Shader.vsh; sourceTree = "<group>"; };
		5CF71810153B961900A57B5C /* ShaderUtils.cpp */ = {isa = PBXFileReference; fileEncoding = 4; lastKnownFileType = sourcecode.cpp.cpp; path = ShaderUtils.cpp; sourceTree = "<group>"; };
		5CF71811153B961900A57B5C /* ShaderUtils.h */ = {isa = PBXFileReference; fileEncoding = 4; lastKnownFileType = sourcecode.c.h; path = ShaderUtils.h; sourceTree = "<group>"; };
		5CF71812153B961900A57B5C /* Texture.h */ = {isa = PBXFileReference; fileEncoding = 4; lastKnownFileType = sourcecode.c.h; path = Texture.h; sourceTree = "<group>"; };
		5CF71813153B961900A57B5C /* Texture.mm */ = {isa = PBXFileReference; fileEncoding = 4; lastKnownFileType = sourcecode.cpp.objcpp; path = Texture.mm; sourceTree = "<group>"; };
		5CF7181F153B96FA00A57B5C /* QCARViewController.h */ = {isa = PBXFileReference; fileEncoding = 4; lastKnownFileType = sourcecode.c.h; path = QCARViewController.h; sourceTree = "<group>"; };
		5CF71820153B96FA00A57B5C /* QCARViewController.mm */ = {isa = PBXFileReference; fileEncoding = 4; lastKnownFileType = sourcecode.cpp.objcpp; path = QCARViewController.mm; sourceTree = "<group>"; };
		5CF71834153BA45B00A57B5C /* Default-Portrait~ipad.png */ = {isa = PBXFileReference; lastKnownFileType = image.png; path = "Default-Portrait~ipad.png"; sourceTree = "<group>"; };
		5CF71835153BA45B00A57B5C /* Default.png */ = {isa = PBXFileReference; lastKnownFileType = image.png; path = Default.png; sourceTree = "<group>"; };
		5CF71836153BA45B00A57B5C /* Default@2x.png */ = {isa = PBXFileReference; lastKnownFileType = image.png; path = "Default@2x.png"; sourceTree = "<group>"; };
		5CF71837153BA45B00A57B5C /* icon_vuforia_57x57.png */ = {isa = PBXFileReference; lastKnownFileType = image.png; path = icon_vuforia_57x57.png; sourceTree = "<group>"; };
		5CF71838153BA45B00A57B5C /* icon_vuforia_72x72.png */ = {isa = PBXFileReference; lastKnownFileType = image.png; path = icon_vuforia_72x72.png; sourceTree = "<group>"; };
		5CF71839153BA45B00A57B5C /* icon_vuforia_114x114.png */ = {isa = PBXFileReference; lastKnownFileType = image.png; path = icon_vuforia_114x114.png; sourceTree = "<group>"; };
		5CF71846153BA52C00A57B5C /* QuartzCore.framework */ = {isa = PBXFileReference; lastKnownFileType = wrapper.framework; name = QuartzCore.framework; path = System/Library/Frameworks/QuartzCore.framework; sourceTree = SDKROOT; };
		5CF71848153BA53C00A57B5C /* CoreMedia.framework */ = {isa = PBXFileReference; lastKnownFileType = wrapper.framework; name = CoreMedia.framework; path = System/Library/Frameworks/CoreMedia.framework; sourceTree = SDKROOT; };
		5CF7184A153BA54600A57B5C /* SystemConfiguration.framework */ = {isa = PBXFileReference; lastKnownFileType = wrapper.framework; name = SystemConfiguration.framework; path = System/Library/Frameworks/SystemConfiguration.framework; sourceTree = SDKROOT; };
		5CF7184C153BA54A00A57B5C /* AVFoundation.framework */ = {isa = PBXFileReference; lastKnownFileType = wrapper.framework; name = AVFoundation.framework; path = System/Library/Frameworks/AVFoundation.framework; sourceTree = SDKROOT; };
		5CF7184E153BA55400A57B5C /* CoreVideo.framework */ = {isa = PBXFileReference; lastKnownFileType = wrapper.framework; name = CoreVideo.framework; path = System/Library/Frameworks/CoreVideo.framework; sourceTree = SDKROOT; };
		5CF71850153BA55E00A57B5C /* Security.framework */ = {isa = PBXFileReference; lastKnownFileType = wrapper.framework; name = Security.framework; path = System/Library/Frameworks/Security.framework; sourceTree = SDKROOT; };
		5CF71852153BA69800A57B5C /* libQCAR.a */ = {isa = PBXFileReference; lastKnownFileType = archive.ar; name = libQCAR.a; path = "../../../../Development/iOS/vuforia-sdk-ios-1-5-8/build/lib/arm/libQCAR.a"; sourceTree = "<group>"; };
		5CF71854153BA6D100A57B5C /* OpenGLES.framework */ = {isa = PBXFileReference; lastKnownFileType = wrapper.framework; name = OpenGLES.framework; path = System/Library/Frameworks/OpenGLES.framework; sourceTree = SDKROOT; };
		5CF71856153BA8C900A57B5C /* EAGLView.h */ = {isa = PBXFileReference; fileEncoding = 4; lastKnownFileType = sourcecode.c.h; name = EAGLView.h; path = Classes/EAGLView.h; sourceTree = SOURCE_ROOT; };
		5CF71857153BA8CA00A57B5C /* EAGLView.mm */ = {isa = PBXFileReference; fileEncoding = 4; lastKnownFileType = sourcecode.cpp.objcpp; name = EAGLView.mm; path = Classes/EAGLView.mm; sourceTree = SOURCE_ROOT; };
		5CF7185A153BAC8300A57B5C /* StonesAndChips.dat */ = {isa = PBXFileReference; lastKnownFileType = file; path = StonesAndChips.dat; sourceTree = "<group>"; };
		5CF7185B153BAC8300A57B5C /* StonesAndChips.xml */ = {isa = PBXFileReference; fileEncoding = 4; lastKnownFileType = text.xml; path = StonesAndChips.xml; sourceTree = "<group>"; };
		5CF7185C153BAC8300A57B5C /* Tarmac.dat */ = {isa = PBXFileReference; lastKnownFileType = file; path = Tarmac.dat; sourceTree = "<group>"; };
		5CF7185D153BAC8300A57B5C /* Tarmac.xml */ = {isa = PBXFileReference; fileEncoding = 4; lastKnownFileType = text.xml; path = Tarmac.xml; sourceTree = "<group>"; };
		5CF7185E153BAC8300A57B5C /* TextureTeapotBlue.png */ = {isa = PBXFileReference; lastKnownFileType = image.png; path = TextureTeapotBlue.png; sourceTree = "<group>"; };
		5CF7185F153BAC8300A57B5C /* TextureTeapotBrass.png */ = {isa = PBXFileReference; lastKnownFileType = image.png; path = TextureTeapotBrass.png; sourceTree = "<group>"; };
		5CF71860153BAC8300A57B5C /* TextureTeapotRed.png */ = {isa = PBXFileReference; lastKnownFileType = image.png; path = TextureTeapotRed.png; sourceTree = "<group>"; };
		5CF71868153BBAC400A57B5C /* Plane3D.h */ = {isa = PBXFileReference; fileEncoding = 4; lastKnownFileType = sourcecode.c.h; path = Plane3D.h; sourceTree = "<group>"; };
		5CF71869153BBAC400A57B5C /* Plane3D.m */ = {isa = PBXFileReference; fileEncoding = 4; lastKnownFileType = sourcecode.c.objc; path = Plane3D.m; sourceTree = "<group>"; };
/* End PBXFileReference section */

/* Begin PBXFrameworksBuildPhase section */
		5CDC8ACD1537ABAC0087B9EC /* Frameworks */ = {
			isa = PBXFrameworksBuildPhase;
			buildActionMask = 2147483647;
			files = (
				5CF71855153BA6D100A57B5C /* OpenGLES.framework in Frameworks */,
				5CF71851153BA55E00A57B5C /* Security.framework in Frameworks */,
				5CF7184F153BA55400A57B5C /* CoreVideo.framework in Frameworks */,
				5CF7184D153BA54A00A57B5C /* AVFoundation.framework in Frameworks */,
				5CF7184B153BA54600A57B5C /* SystemConfiguration.framework in Frameworks */,
				5CF71849153BA53C00A57B5C /* CoreMedia.framework in Frameworks */,
				5CF71847153BA52C00A57B5C /* QuartzCore.framework in Frameworks */,
				5CDC8AD51537ABAC0087B9EC /* UIKit.framework in Frameworks */,
				5CDC8AD71537ABAC0087B9EC /* Foundation.framework in Frameworks */,
				5CDC8AD91537ABAC0087B9EC /* CoreGraphics.framework in Frameworks */,
				5CF71853153BA69800A57B5C /* libQCAR.a in Frameworks */,
			);
			runOnlyForDeploymentPostprocessing = 0;
		};
/* End PBXFrameworksBuildPhase section */

/* Begin PBXGroup section */
		5C8323DC153CA4CE00C0895D /* UIImage-categories */ = {
			isa = PBXGroup;
			children = (
				5C8323DD153CA4CE00C0895D /* UIImage+Alpha.h */,
				5C8323DE153CA4CE00C0895D /* UIImage+Alpha.m */,
				5C8323DF153CA4CE00C0895D /* UIImage+Resize.h */,
				5C8323E0153CA4CE00C0895D /* UIImage+Resize.m */,
				5C8323E1153CA4CE00C0895D /* UIImage+RoundedCorner.h */,
				5C8323E2153CA4CE00C0895D /* UIImage+RoundedCorner.m */,
			);
			name = "UIImage-categories";
			path = "ext/UIImage-categories";
			sourceTree = "<group>";
		};
		5CD9A090153881F200A65501 /* en.lproj */ = {
			isa = PBXGroup;
			children = (
				5CD9A091153881F200A65501 /* InfoPlist.strings */,
			);
			name = en.lproj;
			path = Resources/en.lproj;
			sourceTree = SOURCE_ROOT;
		};
		5CD9A093153881F200A65501 /* Images */ = {
			isa = PBXGroup;
			children = (
				5CF71834153BA45B00A57B5C /* Default-Portrait~ipad.png */,
				5CF71835153BA45B00A57B5C /* Default.png */,
				5CF71836153BA45B00A57B5C /* Default@2x.png */,
				5CF71837153BA45B00A57B5C /* icon_vuforia_57x57.png */,
				5CF71838153BA45B00A57B5C /* icon_vuforia_72x72.png */,
				5CF71839153BA45B00A57B5C /* icon_vuforia_114x114.png */,
				5CD9A094153881F200A65501 /* tabFolder.png */,
				5CD9A095153881F200A65501 /* tabPortrait.png */,
				5CD9A096153881F200A65501 /* tabTarget.png */,
				5CD9A097153881F200A65501 /* target.png */,
			);
			name = Images;
			path = Resources/Images;
			sourceTree = SOURCE_ROOT;
		};
		5CD9D2C01537ACAC00588B56 /* Models */ = {
			isa = PBXGroup;
			children = (
				5C519A6A1537ECB00038E8E5 /* ImageWall.h */,
				5C519A6B1537ECB00038E8E5 /* ImageWall.m */,
				5CF71868153BBAC400A57B5C /* Plane3D.h */,
				5CF71869153BBAC400A57B5C /* Plane3D.m */,
				5CF717FC153B959700A57B5C /* Teapot.h */,
			);
			name = Models;
			path = Classes;
			sourceTree = SOURCE_ROOT;
		};
		5CD9D2CC1537AD1300588B56 /* Resources */ = {
			isa = PBXGroup;
			children = (
				5CD9A090153881F200A65501 /* en.lproj */,
				5CD9A093153881F200A65501 /* Images */,
			);
			name = Resources;
			sourceTree = "<group>";
		};
		5CD9D2D11537AD9700588B56 /* Views */ = {
			isa = PBXGroup;
			children = (
				5CD9D2D71537BAAE00588B56 /* TouchImageView.h */,
				5CD9D2D81537BAAE00588B56 /* TouchImageView.m */,
				5CF71856153BA8C900A57B5C /* EAGLView.h */,
				5CF71857153BA8CA00A57B5C /* EAGLView.mm */,
			);
			name = Views;
			sourceTree = "<group>";
		};
		5CD9D2D21537AD9B00588B56 /* ViewControllers */ = {
			isa = PBXGroup;
			children = (
				5C519A7715384F2B0038E8E5 /* ImageWallViewController.h */,
				5C519A7815384F2B0038E8E5 /* ImageWallViewController.m */,
				5C519A7915384F2B0038E8E5 /* ImageWallViewController.xib */,
				5CD9D2D31537AE9400588B56 /* ImagePickerViewController.h */,
				5CD9D2D41537AE9400588B56 /* ImagePickerViewController.m */,
				5CF7181F153B96FA00A57B5C /* QCARViewController.h */,
				5CF71820153B96FA00A57B5C /* QCARViewController.mm */,
			);
			name = ViewControllers;
			sourceTree = "<group>";
		};
		5CD9D2D61537AE9700588B56 /* Controllers */ = {
			isa = PBXGroup;
			children = (
			);
			name = Controllers;
			sourceTree = "<group>";
		};
		5CDC8AC51537ABAC0087B9EC = {
			isa = PBXGroup;
			children = (
				5CD9D2CF1537AD6700588B56 /* README */,
				5CF7181E153B962600A57B5C /* ext */,
				5CDC8ADA1537ABAC0087B9EC /* vuforia-wall */,
				5CDC8AD31537ABAC0087B9EC /* Frameworks */,
				5CDC8AD11537ABAC0087B9EC /* Products */,
			);
			sourceTree = "<group>";
		};
		5CDC8AD11537ABAC0087B9EC /* Products */ = {
			isa = PBXGroup;
			children = (
				5CDC8AD01537ABAC0087B9EC /* vuforia-wall.app */,
			);
			name = Products;
			sourceTree = "<group>";
		};
		5CDC8AD31537ABAC0087B9EC /* Frameworks */ = {
			isa = PBXGroup;
			children = (
				5CF71854153BA6D100A57B5C /* OpenGLES.framework */,
				5CDC8AD41537ABAC0087B9EC /* UIKit.framework */,
				5CDC8AD61537ABAC0087B9EC /* Foundation.framework */,
				5CDC8AD81537ABAC0087B9EC /* CoreGraphics.framework */,
				5CF71850153BA55E00A57B5C /* Security.framework */,
				5CF7184E153BA55400A57B5C /* CoreVideo.framework */,
				5CF7184C153BA54A00A57B5C /* AVFoundation.framework */,
				5CF7184A153BA54600A57B5C /* SystemConfiguration.framework */,
				5CF71848153BA53C00A57B5C /* CoreMedia.framework */,
				5CF71846153BA52C00A57B5C /* QuartzCore.framework */,
			);
			name = Frameworks;
			sourceTree = "<group>";
		};
		5CDC8ADA1537ABAC0087B9EC /* vuforia-wall */ = {
			isa = PBXGroup;
			children = (
				5CD9D2C11537ACAC00588B56 /* AppDelegate.h */,
				5CD9D2C21537ACAC00588B56 /* AppDelegate.m */,
				5CD9D2D61537AE9700588B56 /* Controllers */,
				5CD9D2C01537ACAC00588B56 /* Models */,
				5CD9D2D11537AD9700588B56 /* Views */,
				5CD9D2D21537AD9B00588B56 /* ViewControllers */,
				5CDC8ADB1537ABAC0087B9EC /* Other Sources */,
				5CD9D2CC1537AD1300588B56 /* Resources */,
			);
			path = "vuforia-wall";
			sourceTree = "<group>";
		};
		5CDC8ADB1537ABAC0087B9EC /* Other Sources */ = {
			isa = PBXGroup;
			children = (
				5CD9D2C31537ACAC00588B56 /* main.m */,
				5CD9D2DA1537BD2E00588B56 /* vuforia-wall-Info.plist */,
				5CD9D2DB1537BD2E00588B56 /* vuforia-wall-Prefix.pch */,
			);
			name = "Other Sources";
			sourceTree = "<group>";
		};
		5CF717FF153B961900A57B5C /* Vuforia-SDK */ = {
			isa = PBXGroup;
			children = (
				5CF71852153BA69800A57B5C /* libQCAR.a */,
				5CF71800153B961900A57B5C /* ARCommon */,
				5CF71859153BAC8300A57B5C /* assets */,
			);
			name = "Vuforia-SDK";
			path = "ext/Vuforia-SDK";
			sourceTree = "<group>";
		};
		5CF71800153B961900A57B5C /* ARCommon */ = {
			isa = PBXGroup;
			children = (
				5CF71801153B961900A57B5C /* AR_EAGLView.h */,
				5CF71802153B961900A57B5C /* AR_EAGLView.mm */,
				5CF71803153B961900A57B5C /* ARParentViewController.h */,
				5CF71804153B961900A57B5C /* ARParentViewController.m */,
				5CF71805153B961900A57B5C /* ARViewController.h */,
				5CF71806153B961900A57B5C /* ARViewController.mm */,
				5CF71807153B961900A57B5C /* OverlayView.h */,
				5CF71808153B961900A57B5C /* OverlayView.m */,
				5CF71809153B961900A57B5C /* OverlayViewController.h */,
				5CF7180A153B961900A57B5C /* OverlayViewController.mm */,
				5CF7180B153B961900A57B5C /* QCARutils.h */,
				5CF7180C153B961900A57B5C /* QCARutils.mm */,
				5CF7180D153B961900A57B5C /* Shaders */,
				5CF71810153B961900A57B5C /* ShaderUtils.cpp */,
				5CF71811153B961900A57B5C /* ShaderUtils.h */,
				5CF71812153B961900A57B5C /* Texture.h */,
				5CF71813153B961900A57B5C /* Texture.mm */,
			);
			path = ARCommon;
			sourceTree = "<group>";
		};
		5CF7180D153B961900A57B5C /* Shaders */ = {
			isa = PBXGroup;
			children = (
				5CF7180E153B961900A57B5C /* Shader.fsh */,
				5CF7180F153B961900A57B5C /* Shader.vsh */,
			);
			path = Shaders;
			sourceTree = "<group>";
		};
		5CF7181E153B962600A57B5C /* ext */ = {
			isa = PBXGroup;
			children = (
				5CF717FF153B961900A57B5C /* Vuforia-SDK */,
				5C8323DC153CA4CE00C0895D /* UIImage-categories */,
			);
			name = ext;
			sourceTree = "<group>";
		};
		5CF71859153BAC8300A57B5C /* assets */ = {
			isa = PBXGroup;
			children = (
				5CF7185A153BAC8300A57B5C /* StonesAndChips.dat */,
				5CF7185B153BAC8300A57B5C /* StonesAndChips.xml */,
				5CF7185C153BAC8300A57B5C /* Tarmac.dat */,
				5CF7185D153BAC8300A57B5C /* Tarmac.xml */,
				5CF7185E153BAC8300A57B5C /* TextureTeapotBlue.png */,
				5CF7185F153BAC8300A57B5C /* TextureTeapotBrass.png */,
				5CF71860153BAC8300A57B5C /* TextureTeapotRed.png */,
			);
			path = assets;
			sourceTree = "<group>";
		};
/* End PBXGroup section */

/* Begin PBXNativeTarget section */
		5CDC8ACF1537ABAC0087B9EC /* vuforia-wall */ = {
			isa = PBXNativeTarget;
			buildConfigurationList = 5CDC8AE81537ABAC0087B9EC /* Build configuration list for PBXNativeTarget "vuforia-wall" */;
			buildPhases = (
				5CDC8ACC1537ABAC0087B9EC /* Sources */,
				5CDC8ACD1537ABAC0087B9EC /* Frameworks */,
				5CDC8ACE1537ABAC0087B9EC /* Resources */,
			);
			buildRules = (
			);
			dependencies = (
			);
			name = "vuforia-wall";
			productName = "vuforia-wall";
			productReference = 5CDC8AD01537ABAC0087B9EC /* vuforia-wall.app */;
			productType = "com.apple.product-type.application";
		};
/* End PBXNativeTarget section */

/* Begin PBXProject section */
		5CDC8AC71537ABAC0087B9EC /* Project object */ = {
			isa = PBXProject;
			attributes = {
				LastUpgradeCheck = 0430;
			};
			buildConfigurationList = 5CDC8ACA1537ABAC0087B9EC /* Build configuration list for PBXProject "vuforia-wall" */;
			compatibilityVersion = "Xcode 3.2";
			developmentRegion = English;
			hasScannedForEncodings = 0;
			knownRegions = (
				en,
			);
			mainGroup = 5CDC8AC51537ABAC0087B9EC;
			productRefGroup = 5CDC8AD11537ABAC0087B9EC /* Products */;
			projectDirPath = "";
			projectRoot = "";
			targets = (
				5CDC8ACF1537ABAC0087B9EC /* vuforia-wall */,
			);
		};
/* End PBXProject section */

/* Begin PBXResourcesBuildPhase section */
		5CDC8ACE1537ABAC0087B9EC /* Resources */ = {
			isa = PBXResourcesBuildPhase;
			buildActionMask = 2147483647;
			files = (
				5CD9D2D01537AD6700588B56 /* README in Resources */,
				5C519A7B15384F2B0038E8E5 /* ImageWallViewController.xib in Resources */,
				5CD9A098153881F200A65501 /* InfoPlist.strings in Resources */,
				5CD9A099153881F200A65501 /* tabFolder.png in Resources */,
				5CD9A09A153881F200A65501 /* tabPortrait.png in Resources */,
				5CD9A09B153881F200A65501 /* tabTarget.png in Resources */,
				5CD9A09C153881F200A65501 /* target.png in Resources */,
				5CF7183A153BA45B00A57B5C /* Default-Portrait~ipad.png in Resources */,
				5CF7183B153BA45B00A57B5C /* Default.png in Resources */,
				5CF7183C153BA45B00A57B5C /* Default@2x.png in Resources */,
				5CF7183D153BA45B00A57B5C /* icon_vuforia_57x57.png in Resources */,
				5CF7183E153BA45B00A57B5C /* icon_vuforia_72x72.png in Resources */,
				5CF7183F153BA45B00A57B5C /* icon_vuforia_114x114.png in Resources */,
				5CF71861153BAC8300A57B5C /* StonesAndChips.dat in Resources */,
				5CF71862153BAC8300A57B5C /* StonesAndChips.xml in Resources */,
				5CF71863153BAC8300A57B5C /* Tarmac.dat in Resources */,
				5CF71864153BAC8300A57B5C /* Tarmac.xml in Resources */,
				5CF71865153BAC8300A57B5C /* TextureTeapotBlue.png in Resources */,
				5CF71866153BAC8300A57B5C /* TextureTeapotBrass.png in Resources */,
				5CF71867153BAC8300A57B5C /* TextureTeapotRed.png in Resources */,
			);
			runOnlyForDeploymentPostprocessing = 0;
		};
/* End PBXResourcesBuildPhase section */

/* Begin PBXSourcesBuildPhase section */
		5CDC8ACC1537ABAC0087B9EC /* Sources */ = {
			isa = PBXSourcesBuildPhase;
			buildActionMask = 2147483647;
			files = (
				5CD9D2C41537ACAC00588B56 /* AppDelegate.m in Sources */,
				5CD9D2C51537ACAC00588B56 /* main.m in Sources */,
				5CD9D2D51537AE9400588B56 /* ImagePickerViewController.m in Sources */,
				5CD9D2D91537BAAE00588B56 /* TouchImageView.m in Sources */,
				5C519A6C1537ECB00038E8E5 /* ImageWall.m in Sources */,
				5C519A7A15384F2B0038E8E5 /* ImageWallViewController.m in Sources */,
				5CF71814153B961900A57B5C /* AR_EAGLView.mm in Sources */,
				5CF71815153B961900A57B5C /* ARParentViewController.m in Sources */,
				5CF71816153B961900A57B5C /* ARViewController.mm in Sources */,
				5CF71817153B961900A57B5C /* OverlayView.m in Sources */,
				5CF71818153B961900A57B5C /* OverlayViewController.mm in Sources */,
				5CF71819153B961900A57B5C /* QCARutils.mm in Sources */,
				5CF7181C153B961900A57B5C /* ShaderUtils.cpp in Sources */,
				5CF7181D153B961900A57B5C /* Texture.mm in Sources */,
				5CF71821153B96FA00A57B5C /* QCARViewController.mm in Sources */,
				5CF71858153BA8CA00A57B5C /* EAGLView.mm in Sources */,
				5CF7186A153BBAC400A57B5C /* Plane3D.m in Sources */,
				5C8323E3153CA4CE00C0895D /* UIImage+Alpha.m in Sources */,
				5C8323E4153CA4CE00C0895D /* UIImage+Resize.m in Sources */,
				5C8323E5153CA4CE00C0895D /* UIImage+RoundedCorner.m in Sources */,
			);
			runOnlyForDeploymentPostprocessing = 0;
		};
/* End PBXSourcesBuildPhase section */

/* Begin PBXVariantGroup section */
		5CD9A091153881F200A65501 /* InfoPlist.strings */ = {
			isa = PBXVariantGroup;
			children = (
				5CD9A092153881F200A65501 /* en */,
			);
			name = InfoPlist.strings;
			sourceTree = "<group>";
		};
/* End PBXVariantGroup section */

/* Begin XCBuildConfiguration section */
		5CDC8AE61537ABAC0087B9EC /* Debug */ = {
			isa = XCBuildConfiguration;
			buildSettings = {
				ALWAYS_SEARCH_USER_PATHS = NO;
				ARCHS = "$(ARCHS_STANDARD_32_BIT)";
				CLANG_ENABLE_OBJC_ARC = YES;
				"CODE_SIGN_IDENTITY[sdk=iphoneos*]" = "iPhone Developer: Eduard Feicho (EM7ERBSY6C)";
				COPY_PHASE_STRIP = NO;
				GCC_C_LANGUAGE_STANDARD = gnu99;
				GCC_DYNAMIC_NO_PIC = NO;
				GCC_OPTIMIZATION_LEVEL = 0;
				GCC_PRECOMPILE_PREFIX_HEADER = YES;
				GCC_PREFIX_HEADER = "vuforia-wall/vuforia-wall-Prefix.pch";
				GCC_PREPROCESSOR_DEFINITIONS = "DEBUG=1";
				GCC_PREPROCESSOR_DEFINITIONS_NOT_USED_IN_PRECOMPS = "$(OTHER_CFLAGS)";
				GCC_SYMBOLS_PRIVATE_EXTERN = NO;
				GCC_WARN_ABOUT_RETURN_TYPE = YES;
				GCC_WARN_UNINITIALIZED_AUTOS = YES;
				GCC_WARN_UNUSED_VARIABLE = YES;
				HEADER_SEARCH_PATHS = "~/Development/iOS/vuforia-sdk-ios-1-5-8/build/include/**";
				IPHONEOS_DEPLOYMENT_TARGET = 4.0;
				LIBRARY_SEARCH_PATHS = "~/Development/iOS/vuforia-sdk-ios-1-5-8/build/lib/arm/**";
				MACH_O_TYPE = mh_execute;
				"PROVISIONING_PROFILE[sdk=iphoneos*]" = "2A26CDD6-7DF6-44EE-9578-352284E87E3C";
				SDKROOT = iphoneos;
				TARGETED_DEVICE_FAMILY = "1,2";
			};
			name = Debug;
		};
		5CDC8AE71537ABAC0087B9EC /* Release */ = {
			isa = XCBuildConfiguration;
			buildSettings = {
				ALWAYS_SEARCH_USER_PATHS = NO;
				ARCHS = "$(ARCHS_STANDARD_32_BIT)";
				CLANG_ENABLE_OBJC_ARC = YES;
				"CODE_SIGN_IDENTITY[sdk=iphoneos*]" = "iPhone Developer: Eduard Feicho (EM7ERBSY6C)";
				COPY_PHASE_STRIP = YES;
				GCC_C_LANGUAGE_STANDARD = gnu99;
				GCC_PRECOMPILE_PREFIX_HEADER = YES;
				GCC_PREFIX_HEADER = "vuforia-wall/vuforia-wall-Prefix.pch";
				GCC_PREPROCESSOR_DEFINITIONS_NOT_USED_IN_PRECOMPS = "$(OTHER_CFLAGS)";
				GCC_WARN_ABOUT_RETURN_TYPE = YES;
				GCC_WARN_UNINITIALIZED_AUTOS = YES;
				GCC_WARN_UNUSED_VARIABLE = YES;
				HEADER_SEARCH_PATHS = "~/Development/iOS/vuforia-sdk-ios-1-5-8/build/include/**";
				IPHONEOS_DEPLOYMENT_TARGET = 4.0;
				LIBRARY_SEARCH_PATHS = "~/Development/iOS/vuforia-sdk-ios-1-5-8/build/lib/arm/**";
				MACH_O_TYPE = mh_execute;
				"PROVISIONING_PROFILE[sdk=iphoneos*]" = "2A26CDD6-7DF6-44EE-9578-352284E87E3C";
				SDKROOT = iphoneos;
				TARGETED_DEVICE_FAMILY = "1,2";
				VALIDATE_PRODUCT = YES;
			};
			name = Release;
		};
		5CDC8AE91537ABAC0087B9EC /* Debug */ = {
			isa = XCBuildConfiguration;
			buildSettings = {
				"CODE_SIGN_IDENTITY[sdk=iphoneos*]" = "iPhone Developer";
				GCC_PRECOMPILE_PREFIX_HEADER = YES;
				INFOPLIST_FILE = "vuforia-wall/vuforia-wall-Info.plist";
				LIBRARY_SEARCH_PATHS = (
					"$(inherited)",
					"\"$(SRCROOT)/../../Development/iOS/vuforia-sdk-ios-1-5-8/build/lib/arm\"",
				);
				PRODUCT_NAME = "$(TARGET_NAME)";
				"PROVISIONING_PROFILE[sdk=iphoneos*]" = "";
				WRAPPER_EXTENSION = app;
			};
			name = Debug;
		};
		5CDC8AEA1537ABAC0087B9EC /* Release */ = {
			isa = XCBuildConfiguration;
			buildSettings = {
				"CODE_SIGN_IDENTITY[sdk=iphoneos*]" = "iPhone Developer";
				GCC_PRECOMPILE_PREFIX_HEADER = YES;
				GCC_PREPROCESSOR_DEFINITIONS_NOT_USED_IN_PRECOMPS = "$(OTHER_CFLAGS)";
				INFOPLIST_FILE = "vuforia-wall/vuforia-wall-Info.plist";
				LIBRARY_SEARCH_PATHS = (
					"$(inherited)",
					"\"$(SRCROOT)/../../Development/iOS/vuforia-sdk-ios-1-5-8/build/lib/arm\"",
				);
				PRODUCT_NAME = "$(TARGET_NAME)";
				"PROVISIONING_PROFILE[sdk=iphoneos*]" = "";
				WRAPPER_EXTENSION = app;
			};
			name = Release;
		};
/* End XCBuildConfiguration section */

/* Begin XCConfigurationList section */
		5CDC8ACA1537ABAC0087B9EC /* Build configuration list for PBXProject "vuforia-wall" */ = {
			isa = XCConfigurationList;
			buildConfigurations = (
				5CDC8AE61537ABAC0087B9EC /* Debug */,
				5CDC8AE71537ABAC0087B9EC /* Release */,
			);
			defaultConfigurationIsVisible = 0;
			defaultConfigurationName = Release;
		};
		5CDC8AE81537ABAC0087B9EC /* Build configuration list for PBXNativeTarget "vuforia-wall" */ = {
			isa = XCConfigurationList;
			buildConfigurations = (
				5CDC8AE91537ABAC0087B9EC /* Debug */,
				5CDC8AEA1537ABAC0087B9EC /* Release */,
			);
			defaultConfigurationIsVisible = 0;
			defaultConfigurationName = Release;
		};
/* End XCConfigurationList section */
	};
	rootObject = 5CDC8AC71537ABAC0087B9EC /* Project object */;
}
