// !$*UTF8*$!
{
	archiveVersion = 1;
	classes = {
	};
	objectVersion = 46;
	objects = {

/* Begin PBXBuildFile section */
		15230E5413B1FB030073F1EB /* FrameMarkersAppDelegate.mm in Sources */ = {isa = PBXBuildFile; fileRef = 15230E5313B1FB030073F1EB /* FrameMarkersAppDelegate.mm */; };
		15B17447136846C200AAA492 /* UIKit.framework in Frameworks */ = {isa = PBXBuildFile; fileRef = 15B17446136846C200AAA492 /* UIKit.framework */; };
		15B17449136846C200AAA492 /* Foundation.framework in Frameworks */ = {isa = PBXBuildFile; fileRef = 15B17448136846C200AAA492 /* Foundation.framework */; };
		15B1744B136846C200AAA492 /* CoreGraphics.framework in Frameworks */ = {isa = PBXBuildFile; fileRef = 15B1744A136846C200AAA492 /* CoreGraphics.framework */; };
		15B1744D136846C200AAA492 /* QuartzCore.framework in Frameworks */ = {isa = PBXBuildFile; fileRef = 15B1744C136846C200AAA492 /* QuartzCore.framework */; };
		15B1744F136846C200AAA492 /* OpenGLES.framework in Frameworks */ = {isa = PBXBuildFile; fileRef = 15B1744E136846C200AAA492 /* OpenGLES.framework */; };
		15B17458136846C200AAA492 /* main.m in Sources */ = {isa = PBXBuildFile; fileRef = 15B17457136846C200AAA492 /* main.m */; };
		15B174891368519400AAA492 /* EAGLView.mm in Sources */ = {isa = PBXBuildFile; fileRef = 15B174811368519300AAA492 /* EAGLView.mm */; };
		15B17492136851B600AAA492 /* letter_A.png in Resources */ = {isa = PBXBuildFile; fileRef = 15B1748D136851B600AAA492 /* letter_A.png */; };
		15B17493136851B600AAA492 /* letter_C.png in Resources */ = {isa = PBXBuildFile; fileRef = 15B1748E136851B600AAA492 /* letter_C.png */; };
		15B17494136851B600AAA492 /* letter_Q.png in Resources */ = {isa = PBXBuildFile; fileRef = 15B1748F136851B600AAA492 /* letter_Q.png */; };
		15B17495136851B600AAA492 /* letter_R.png in Resources */ = {isa = PBXBuildFile; fileRef = 15B17490136851B600AAA492 /* letter_R.png */; };
		15B174D1136856E100AAA492 /* libQCAR.a in Frameworks */ = {isa = PBXBuildFile; fileRef = 15B174D0136856E100AAA492 /* libQCAR.a */; };
		15B174D71368572300AAA492 /* AVFoundation.framework in Frameworks */ = {isa = PBXBuildFile; fileRef = 15B174D21368572300AAA492 /* AVFoundation.framework */; };
		15B174D81368572300AAA492 /* CoreMedia.framework in Frameworks */ = {isa = PBXBuildFile; fileRef = 15B174D31368572300AAA492 /* CoreMedia.framework */; };
		15B174D91368572300AAA492 /* CoreVideo.framework in Frameworks */ = {isa = PBXBuildFile; fileRef = 15B174D41368572300AAA492 /* CoreVideo.framework */; };
		15B174DA1368572300AAA492 /* Security.framework in Frameworks */ = {isa = PBXBuildFile; fileRef = 15B174D51368572300AAA492 /* Security.framework */; };
		15B174DB1368572300AAA492 /* SystemConfiguration.framework in Frameworks */ = {isa = PBXBuildFile; fileRef = 15B174D61368572300AAA492 /* SystemConfiguration.framework */; };
		7671ED7D144D5D66009F6868 /* AR_EAGLView.mm in Sources */ = {isa = PBXBuildFile; fileRef = 7671ED6B144D5D66009F6868 /* AR_EAGLView.mm */; };
		7671ED7E144D5D66009F6868 /* ARParentViewController.m in Sources */ = {isa = PBXBuildFile; fileRef = 7671ED6D144D5D66009F6868 /* ARParentViewController.m */; };
		7671ED7F144D5D66009F6868 /* ARViewController.mm in Sources */ = {isa = PBXBuildFile; fileRef = 7671ED6F144D5D66009F6868 /* ARViewController.mm */; };
		7671ED80144D5D66009F6868 /* OverlayView.m in Sources */ = {isa = PBXBuildFile; fileRef = 7671ED71144D5D66009F6868 /* OverlayView.m */; };
		7671ED81144D5D66009F6868 /* OverlayViewController.mm in Sources */ = {isa = PBXBuildFile; fileRef = 7671ED73144D5D66009F6868 /* OverlayViewController.mm */; };
		7671ED82144D5D66009F6868 /* QCARutils.mm in Sources */ = {isa = PBXBuildFile; fileRef = 7671ED75144D5D66009F6868 /* QCARutils.mm */; };
		7671ED85144D5D66009F6868 /* ShaderUtils.cpp in Sources */ = {isa = PBXBuildFile; fileRef = 7671ED79144D5D66009F6868 /* ShaderUtils.cpp */; };
		7671ED86144D5D66009F6868 /* Texture.mm in Sources */ = {isa = PBXBuildFile; fileRef = 7671ED7C144D5D66009F6868 /* Texture.mm */; };
		76D6750414D0649E003D8330 /* icon_vuforia_57x57.png in Resources */ = {isa = PBXBuildFile; fileRef = 76D6750314D0649E003D8330 /* icon_vuforia_57x57.png */; };
		76D6750614D064A2003D8330 /* icon_vuforia_114x114.png in Resources */ = {isa = PBXBuildFile; fileRef = 76D6750514D064A2003D8330 /* icon_vuforia_114x114.png */; };
		76D6750814D064AB003D8330 /* Default.png in Resources */ = {isa = PBXBuildFile; fileRef = 76D6750714D064AB003D8330 /* Default.png */; };
		76D6750A14D064B4003D8330 /* Default@2x.png in Resources */ = {isa = PBXBuildFile; fileRef = 76D6750914D064B4003D8330 /* Default@2x.png */; };
		76D6750C14D064D3003D8330 /* icon_vuforia_72x72.png in Resources */ = {isa = PBXBuildFile; fileRef = 76D6750B14D064D3003D8330 /* icon_vuforia_72x72.png */; };
		76D6750E14D064D9003D8330 /* Default-Portrait~ipad.png in Resources */ = {isa = PBXBuildFile; fileRef = 76D6750D14D064D9003D8330 /* Default-Portrait~ipad.png */; };
/* End PBXBuildFile section */

/* Begin PBXFileReference section */
		15230E5313B1FB030073F1EB /* FrameMarkersAppDelegate.mm */ = {isa = PBXFileReference; fileEncoding = 4; lastKnownFileType = sourcecode.cpp.objcpp; path = FrameMarkersAppDelegate.mm; sourceTree = "<group>"; };
		15B17442136846C200AAA492 /* FrameMarkers.app */ = {isa = PBXFileReference; explicitFileType = wrapper.application; includeInIndex = 0; path = FrameMarkers.app; sourceTree = BUILT_PRODUCTS_DIR; };
		15B17446136846C200AAA492 /* UIKit.framework */ = {isa = PBXFileReference; lastKnownFileType = wrapper.framework; name = UIKit.framework; path = System/Library/Frameworks/UIKit.framework; sourceTree = SDKROOT; };
		15B17448136846C200AAA492 /* Foundation.framework */ = {isa = PBXFileReference; lastKnownFileType = wrapper.framework; name = Foundation.framework; path = System/Library/Frameworks/Foundation.framework; sourceTree = SDKROOT; };
		15B1744A136846C200AAA492 /* CoreGraphics.framework */ = {isa = PBXFileReference; lastKnownFileType = wrapper.framework; name = CoreGraphics.framework; path = System/Library/Frameworks/CoreGraphics.framework; sourceTree = SDKROOT; };
		15B1744C136846C200AAA492 /* QuartzCore.framework */ = {isa = PBXFileReference; lastKnownFileType = wrapper.framework; name = QuartzCore.framework; path = System/Library/Frameworks/QuartzCore.framework; sourceTree = SDKROOT; };
		15B1744E136846C200AAA492 /* OpenGLES.framework */ = {isa = PBXFileReference; lastKnownFileType = wrapper.framework; name = OpenGLES.framework; path = System/Library/Frameworks/OpenGLES.framework; sourceTree = SDKROOT; };
		15B17452136846C200AAA492 /* FrameMarkers-Info.plist */ = {isa = PBXFileReference; lastKnownFileType = text.plist.xml; path = "FrameMarkers-Info.plist"; sourceTree = "<group>"; };
		15B17456136846C200AAA492 /* FrameMarkers-Prefix.pch */ = {isa = PBXFileReference; lastKnownFileType = sourcecode.c.h; path = "FrameMarkers-Prefix.pch"; sourceTree = "<group>"; };
		15B17457136846C200AAA492 /* main.m */ = {isa = PBXFileReference; lastKnownFileType = sourcecode.c.objc; path = main.m; sourceTree = "<group>"; };
		15B17459136846C200AAA492 /* FrameMarkersAppDelegate.h */ = {isa = PBXFileReference; lastKnownFileType = sourcecode.c.h; path = FrameMarkersAppDelegate.h; sourceTree = "<group>"; };
		15B174801368519300AAA492 /* EAGLView.h */ = {isa = PBXFileReference; fileEncoding = 4; lastKnownFileType = sourcecode.c.h; path = EAGLView.h; sourceTree = "<group>"; };
		15B174811368519300AAA492 /* EAGLView.mm */ = {isa = PBXFileReference; fileEncoding = 4; lastKnownFileType = sourcecode.cpp.objcpp; path = EAGLView.mm; sourceTree = "<group>"; };
		15B1748D136851B600AAA492 /* letter_A.png */ = {isa = PBXFileReference; lastKnownFileType = image.png; name = letter_A.png; path = FrameMarkers/assets/letter_A.png; sourceTree = "<group>"; };
		15B1748E136851B600AAA492 /* letter_C.png */ = {isa = PBXFileReference; lastKnownFileType = image.png; name = letter_C.png; path = FrameMarkers/assets/letter_C.png; sourceTree = "<group>"; };
		15B1748F136851B600AAA492 /* letter_Q.png */ = {isa = PBXFileReference; lastKnownFileType = image.png; name = letter_Q.png; path = FrameMarkers/assets/letter_Q.png; sourceTree = "<group>"; };
		15B17490136851B600AAA492 /* letter_R.png */ = {isa = PBXFileReference; lastKnownFileType = image.png; name = letter_R.png; path = FrameMarkers/assets/letter_R.png; sourceTree = "<group>"; };
		15B174D0136856E100AAA492 /* libQCAR.a */ = {isa = PBXFileReference; lastKnownFileType = archive.ar; name = libQCAR.a; path = "../../build/lib/arm/libQCAR.a"; sourceTree = SOURCE_ROOT; };
		15B174D21368572300AAA492 /* AVFoundation.framework */ = {isa = PBXFileReference; lastKnownFileType = wrapper.framework; name = AVFoundation.framework; path = System/Library/Frameworks/AVFoundation.framework; sourceTree = SDKROOT; };
		15B174D31368572300AAA492 /* CoreMedia.framework */ = {isa = PBXFileReference; lastKnownFileType = wrapper.framework; name = CoreMedia.framework; path = System/Library/Frameworks/CoreMedia.framework; sourceTree = SDKROOT; };
		15B174D41368572300AAA492 /* CoreVideo.framework */ = {isa = PBXFileReference; lastKnownFileType = wrapper.framework; name = CoreVideo.framework; path = System/Library/Frameworks/CoreVideo.framework; sourceTree = SDKROOT; };
		15B174D51368572300AAA492 /* Security.framework */ = {isa = PBXFileReference; lastKnownFileType = wrapper.framework; name = Security.framework; path = System/Library/Frameworks/Security.framework; sourceTree = SDKROOT; };
		15B174D61368572300AAA492 /* SystemConfiguration.framework */ = {isa = PBXFileReference; lastKnownFileType = wrapper.framework; name = SystemConfiguration.framework; path = System/Library/Frameworks/SystemConfiguration.framework; sourceTree = SDKROOT; };
		15B8B1E6136990D400787075 /* A_object.h */ = {isa = PBXFileReference; fileEncoding = 4; lastKnownFileType = sourcecode.c.h; path = A_object.h; sourceTree = "<group>"; };
		15B8B1E7136990D400787075 /* C_object.h */ = {isa = PBXFileReference; fileEncoding = 4; lastKnownFileType = sourcecode.c.h; path = C_object.h; sourceTree = "<group>"; };
		15B8B1E8136990D400787075 /* Q_object.h */ = {isa = PBXFileReference; fileEncoding = 4; lastKnownFileType = sourcecode.c.h; path = Q_object.h; sourceTree = "<group>"; };
		15B8B1E9136990D400787075 /* R_object.h */ = {isa = PBXFileReference; fileEncoding = 4; lastKnownFileType = sourcecode.c.h; path = R_object.h; sourceTree = "<group>"; };
		7671ED6A144D5D66009F6868 /* AR_EAGLView.h */ = {isa = PBXFileReference; fileEncoding = 4; lastKnownFileType = sourcecode.c.h; name = AR_EAGLView.h; path = ../../ARCommon/AR_EAGLView.h; sourceTree = "<group>"; };
		7671ED6B144D5D66009F6868 /* AR_EAGLView.mm */ = {isa = PBXFileReference; fileEncoding = 4; lastKnownFileType = sourcecode.cpp.objcpp; name = AR_EAGLView.mm; path = ../../ARCommon/AR_EAGLView.mm; sourceTree = "<group>"; };
		7671ED6C144D5D66009F6868 /* ARParentViewController.h */ = {isa = PBXFileReference; fileEncoding = 4; lastKnownFileType = sourcecode.c.h; name = ARParentViewController.h; path = ../../ARCommon/ARParentViewController.h; sourceTree = "<group>"; };
		7671ED6D144D5D66009F6868 /* ARParentViewController.m */ = {isa = PBXFileReference; fileEncoding = 4; lastKnownFileType = sourcecode.c.objc; name = ARParentViewController.m; path = ../../ARCommon/ARParentViewController.m; sourceTree = "<group>"; };
		7671ED6E144D5D66009F6868 /* ARViewController.h */ = {isa = PBXFileReference; fileEncoding = 4; lastKnownFileType = sourcecode.c.h; name = ARViewController.h; path = ../../ARCommon/ARViewController.h; sourceTree = "<group>"; };
		7671ED6F144D5D66009F6868 /* ARViewController.mm */ = {isa = PBXFileReference; fileEncoding = 4; lastKnownFileType = sourcecode.cpp.objcpp; name = ARViewController.mm; path = ../../ARCommon/ARViewController.mm; sourceTree = "<group>"; };
		7671ED70144D5D66009F6868 /* OverlayView.h */ = {isa = PBXFileReference; fileEncoding = 4; lastKnownFileType = sourcecode.c.h; name = OverlayView.h; path = ../../ARCommon/OverlayView.h; sourceTree = "<group>"; };
		7671ED71144D5D66009F6868 /* OverlayView.m */ = {isa = PBXFileReference; fileEncoding = 4; lastKnownFileType = sourcecode.c.objc; name = OverlayView.m; path = ../../ARCommon/OverlayView.m; sourceTree = "<group>"; };
		7671ED72144D5D66009F6868 /* OverlayViewController.h */ = {isa = PBXFileReference; fileEncoding = 4; lastKnownFileType = sourcecode.c.h; name = OverlayViewController.h; path = ../../ARCommon/OverlayViewController.h; sourceTree = "<group>"; };
		7671ED73144D5D66009F6868 /* OverlayViewController.mm */ = {isa = PBXFileReference; fileEncoding = 4; lastKnownFileType = sourcecode.cpp.objcpp; name = OverlayViewController.mm; path = ../../ARCommon/OverlayViewController.mm; sourceTree = "<group>"; };
		7671ED74144D5D66009F6868 /* QCARutils.h */ = {isa = PBXFileReference; fileEncoding = 4; lastKnownFileType = sourcecode.c.h; name = QCARutils.h; path = ../../ARCommon/QCARutils.h; sourceTree = "<group>"; };
		7671ED75144D5D66009F6868 /* QCARutils.mm */ = {isa = PBXFileReference; fileEncoding = 4; lastKnownFileType = sourcecode.cpp.objcpp; name = QCARutils.mm; path = ../../ARCommon/QCARutils.mm; sourceTree = "<group>"; };
		7671ED77144D5D66009F6868 /* Shader.fsh */ = {isa = PBXFileReference; fileEncoding = 4; lastKnownFileType = sourcecode.glsl; path = Shader.fsh; sourceTree = "<group>"; };
		7671ED78144D5D66009F6868 /* Shader.vsh */ = {isa = PBXFileReference; fileEncoding = 4; lastKnownFileType = sourcecode.glsl; path = Shader.vsh; sourceTree = "<group>"; };
		7671ED79144D5D66009F6868 /* ShaderUtils.cpp */ = {isa = PBXFileReference; fileEncoding = 4; lastKnownFileType = sourcecode.cpp.cpp; name = ShaderUtils.cpp; path = ../../ARCommon/ShaderUtils.cpp; sourceTree = "<group>"; };
		7671ED7A144D5D66009F6868 /* ShaderUtils.h */ = {isa = PBXFileReference; fileEncoding = 4; lastKnownFileType = sourcecode.c.h; name = ShaderUtils.h; path = ../../ARCommon/ShaderUtils.h; sourceTree = "<group>"; };
		7671ED7B144D5D66009F6868 /* Texture.h */ = {isa = PBXFileReference; fileEncoding = 4; lastKnownFileType = sourcecode.c.h; name = Texture.h; path = ../../ARCommon/Texture.h; sourceTree = "<group>"; };
		7671ED7C144D5D66009F6868 /* Texture.mm */ = {isa = PBXFileReference; fileEncoding = 4; lastKnownFileType = sourcecode.cpp.objcpp; name = Texture.mm; path = ../../ARCommon/Texture.mm; sourceTree = "<group>"; };
		76D6750314D0649E003D8330 /* icon_vuforia_57x57.png */ = {isa = PBXFileReference; lastKnownFileType = image.png; path = icon_vuforia_57x57.png; sourceTree = "<group>"; };
		76D6750514D064A2003D8330 /* icon_vuforia_114x114.png */ = {isa = PBXFileReference; lastKnownFileType = image.png; path = icon_vuforia_114x114.png; sourceTree = "<group>"; };
		76D6750714D064AB003D8330 /* Default.png */ = {isa = PBXFileReference; lastKnownFileType = image.png; path = Default.png; sourceTree = "<group>"; };
		76D6750914D064B4003D8330 /* Default@2x.png */ = {isa = PBXFileReference; lastKnownFileType = image.png; path = "Default@2x.png"; sourceTree = "<group>"; };
		76D6750B14D064D3003D8330 /* icon_vuforia_72x72.png */ = {isa = PBXFileReference; lastKnownFileType = image.png; path = icon_vuforia_72x72.png; sourceTree = "<group>"; };
		76D6750D14D064D9003D8330 /* Default-Portrait~ipad.png */ = {isa = PBXFileReference; lastKnownFileType = image.png; path = "Default-Portrait~ipad.png"; sourceTree = "<group>"; };
/* End PBXFileReference section */

/* Begin PBXFrameworksBuildPhase section */
		15B1743F136846C200AAA492 /* Frameworks */ = {
			isa = PBXFrameworksBuildPhase;
			buildActionMask = 2147483647;
			files = (
				15B174D71368572300AAA492 /* AVFoundation.framework in Frameworks */,
				15B174D81368572300AAA492 /* CoreMedia.framework in Frameworks */,
				15B174D91368572300AAA492 /* CoreVideo.framework in Frameworks */,
				15B174DA1368572300AAA492 /* Security.framework in Frameworks */,
				15B174DB1368572300AAA492 /* SystemConfiguration.framework in Frameworks */,
				15B174D1136856E100AAA492 /* libQCAR.a in Frameworks */,
				15B17447136846C200AAA492 /* UIKit.framework in Frameworks */,
				15B17449136846C200AAA492 /* Foundation.framework in Frameworks */,
				15B1744B136846C200AAA492 /* CoreGraphics.framework in Frameworks */,
				15B1744D136846C200AAA492 /* QuartzCore.framework in Frameworks */,
				15B1744F136846C200AAA492 /* OpenGLES.framework in Frameworks */,
			);
			runOnlyForDeploymentPostprocessing = 0;
		};
/* End PBXFrameworksBuildPhase section */

/* Begin PBXGroup section */
		15B17437136846C200AAA492 = {
			isa = PBXGroup;
			children = (
				76D6750D14D064D9003D8330 /* Default-Portrait~ipad.png */,
				76D6750B14D064D3003D8330 /* icon_vuforia_72x72.png */,
				76D6750914D064B4003D8330 /* Default@2x.png */,
				76D6750714D064AB003D8330 /* Default.png */,
				76D6750514D064A2003D8330 /* icon_vuforia_114x114.png */,
				76D6750314D0649E003D8330 /* icon_vuforia_57x57.png */,
				15B17450136846C200AAA492 /* FrameMarkers */,
				15B174791368471F00AAA492 /* Resources */,
				15B17445136846C200AAA492 /* Frameworks */,
				15B17443136846C200AAA492 /* Products */,
			);
			sourceTree = "<group>";
		};
		15B17443136846C200AAA492 /* Products */ = {
			isa = PBXGroup;
			children = (
				15B17442136846C200AAA492 /* FrameMarkers.app */,
			);
			name = Products;
			sourceTree = "<group>";
		};
		15B17445136846C200AAA492 /* Frameworks */ = {
			isa = PBXGroup;
			children = (
				15B17446136846C200AAA492 /* UIKit.framework */,
				15B17448136846C200AAA492 /* Foundation.framework */,
				15B1744A136846C200AAA492 /* CoreGraphics.framework */,
				15B1744C136846C200AAA492 /* QuartzCore.framework */,
				15B1744E136846C200AAA492 /* OpenGLES.framework */,
				15B174D31368572300AAA492 /* CoreMedia.framework */,
				15B174D61368572300AAA492 /* SystemConfiguration.framework */,
				15B174D21368572300AAA492 /* AVFoundation.framework */,
				15B174D41368572300AAA492 /* CoreVideo.framework */,
				15B174D51368572300AAA492 /* Security.framework */,
				15B174D0136856E100AAA492 /* libQCAR.a */,
			);
			name = Frameworks;
			sourceTree = "<group>";
		};
		15B17450136846C200AAA492 /* FrameMarkers */ = {
			isa = PBXGroup;
			children = (
				7671ED60144D5CCC009F6868 /* ARCommon */,
				15B174801368519300AAA492 /* EAGLView.h */,
				15B174811368519300AAA492 /* EAGLView.mm */,
				15B17459136846C200AAA492 /* FrameMarkersAppDelegate.h */,
				15230E5313B1FB030073F1EB /* FrameMarkersAppDelegate.mm */,
				15B17451136846C200AAA492 /* Supporting Files */,
			);
			path = FrameMarkers;
			sourceTree = "<group>";
		};
		15B17451136846C200AAA492 /* Supporting Files */ = {
			isa = PBXGroup;
			children = (
				15B8B1E6136990D400787075 /* A_object.h */,
				15B8B1E7136990D400787075 /* C_object.h */,
				15B8B1E8136990D400787075 /* Q_object.h */,
				15B8B1E9136990D400787075 /* R_object.h */,
				15B17452136846C200AAA492 /* FrameMarkers-Info.plist */,
				15B17456136846C200AAA492 /* FrameMarkers-Prefix.pch */,
				15B17457136846C200AAA492 /* main.m */,
			);
			name = "Supporting Files";
			sourceTree = "<group>";
		};
		15B174791368471F00AAA492 /* Resources */ = {
			isa = PBXGroup;
			children = (
				15B1747A1368472900AAA492 /* assets */,
			);
			name = Resources;
			sourceTree = "<group>";
		};
		15B1747A1368472900AAA492 /* assets */ = {
			isa = PBXGroup;
			children = (
				15B1748D136851B600AAA492 /* letter_A.png */,
				15B1748E136851B600AAA492 /* letter_C.png */,
				15B1748F136851B600AAA492 /* letter_Q.png */,
				15B17490136851B600AAA492 /* letter_R.png */,
			);
			name = assets;
			sourceTree = "<group>";
		};
		7671ED60144D5CCC009F6868 /* ARCommon */ = {
			isa = PBXGroup;
			children = (
				7671ED6A144D5D66009F6868 /* AR_EAGLView.h */,
				7671ED6B144D5D66009F6868 /* AR_EAGLView.mm */,
				7671ED6C144D5D66009F6868 /* ARParentViewController.h */,
				7671ED6D144D5D66009F6868 /* ARParentViewController.m */,
				7671ED6E144D5D66009F6868 /* ARViewController.h */,
				7671ED6F144D5D66009F6868 /* ARViewController.mm */,
				7671ED70144D5D66009F6868 /* OverlayView.h */,
				7671ED71144D5D66009F6868 /* OverlayView.m */,
				7671ED72144D5D66009F6868 /* OverlayViewController.h */,
				7671ED73144D5D66009F6868 /* OverlayViewController.mm */,
				7671ED74144D5D66009F6868 /* QCARutils.h */,
				7671ED75144D5D66009F6868 /* QCARutils.mm */,
				7671ED76144D5D66009F6868 /* Shaders */,
				7671ED79144D5D66009F6868 /* ShaderUtils.cpp */,
				7671ED7A144D5D66009F6868 /* ShaderUtils.h */,
				7671ED7B144D5D66009F6868 /* Texture.h */,
				7671ED7C144D5D66009F6868 /* Texture.mm */,
			);
			name = ARCommon;
			sourceTree = "<group>";
		};
		7671ED76144D5D66009F6868 /* Shaders */ = {
			isa = PBXGroup;
			children = (
				7671ED77144D5D66009F6868 /* Shader.fsh */,
				7671ED78144D5D66009F6868 /* Shader.vsh */,
			);
			name = Shaders;
			path = ../../ARCommon/Shaders;
			sourceTree = "<group>";
		};
/* End PBXGroup section */

/* Begin PBXNativeTarget section */
		15B17441136846C200AAA492 /* FrameMarkers */ = {
			isa = PBXNativeTarget;
			buildConfigurationList = 15B1746E136846C200AAA492 /* Build configuration list for PBXNativeTarget "FrameMarkers" */;
			buildPhases = (
				15B1743E136846C200AAA492 /* Sources */,
				15B1743F136846C200AAA492 /* Frameworks */,
				15B17440136846C200AAA492 /* Resources */,
			);
			buildRules = (
			);
			dependencies = (
			);
			name = FrameMarkers;
			productName = FrameMarkers;
			productReference = 15B17442136846C200AAA492 /* FrameMarkers.app */;
			productType = "com.apple.product-type.application";
		};
/* End PBXNativeTarget section */

/* Begin PBXProject section */
		15B17439136846C200AAA492 /* Project object */ = {
			isa = PBXProject;
			attributes = {
				LastUpgradeCheck = 0420;
			};
			buildConfigurationList = 15B1743C136846C200AAA492 /* Build configuration list for PBXProject "FrameMarkers" */;
			compatibilityVersion = "Xcode 3.2";
			developmentRegion = English;
			hasScannedForEncodings = 0;
			knownRegions = (
				en,
			);
			mainGroup = 15B17437136846C200AAA492;
			productRefGroup = 15B17443136846C200AAA492 /* Products */;
			projectDirPath = "";
			projectRoot = "";
			targets = (
				15B17441136846C200AAA492 /* FrameMarkers */,
			);
		};
/* End PBXProject section */

/* Begin PBXResourcesBuildPhase section */
		15B17440136846C200AAA492 /* Resources */ = {
			isa = PBXResourcesBuildPhase;
			buildActionMask = 2147483647;
			files = (
				15B17492136851B600AAA492 /* letter_A.png in Resources */,
				15B17493136851B600AAA492 /* letter_C.png in Resources */,
				15B17494136851B600AAA492 /* letter_Q.png in Resources */,
				15B17495136851B600AAA492 /* letter_R.png in Resources */,
				76D6750414D0649E003D8330 /* icon_vuforia_57x57.png in Resources */,
				76D6750614D064A2003D8330 /* icon_vuforia_114x114.png in Resources */,
				76D6750814D064AB003D8330 /* Default.png in Resources */,
				76D6750A14D064B4003D8330 /* Default@2x.png in Resources */,
				76D6750C14D064D3003D8330 /* icon_vuforia_72x72.png in Resources */,
				76D6750E14D064D9003D8330 /* Default-Portrait~ipad.png in Resources */,
			);
			runOnlyForDeploymentPostprocessing = 0;
		};
/* End PBXResourcesBuildPhase section */

/* Begin PBXSourcesBuildPhase section */
		15B1743E136846C200AAA492 /* Sources */ = {
			isa = PBXSourcesBuildPhase;
			buildActionMask = 2147483647;
			files = (
				15B17458136846C200AAA492 /* main.m in Sources */,
				15B174891368519400AAA492 /* EAGLView.mm in Sources */,
				15230E5413B1FB030073F1EB /* FrameMarkersAppDelegate.mm in Sources */,
				7671ED7D144D5D66009F6868 /* AR_EAGLView.mm in Sources */,
				7671ED7E144D5D66009F6868 /* ARParentViewController.m in Sources */,
				7671ED7F144D5D66009F6868 /* ARViewController.mm in Sources */,
				7671ED80144D5D66009F6868 /* OverlayView.m in Sources */,
				7671ED81144D5D66009F6868 /* OverlayViewController.mm in Sources */,
				7671ED82144D5D66009F6868 /* QCARutils.mm in Sources */,
				7671ED85144D5D66009F6868 /* ShaderUtils.cpp in Sources */,
				7671ED86144D5D66009F6868 /* Texture.mm in Sources */,
			);
			runOnlyForDeploymentPostprocessing = 0;
		};
/* End PBXSourcesBuildPhase section */

/* Begin XCBuildConfiguration section */
		15125E5F137050D400EC4CA7 /* Distribution */ = {
			isa = XCBuildConfiguration;
			buildSettings = {
				ARCHS = "$(ARCHS_STANDARD_32_BIT)";
				CODE_SIGN_IDENTITY = "iPhone Developer";
				GCC_C_LANGUAGE_STANDARD = gnu99;
				GCC_WARN_ABOUT_RETURN_TYPE = YES;
				GCC_WARN_UNUSED_VARIABLE = YES;
				HEADER_SEARCH_PATHS = ../../build/include;
				IPHONEOS_DEPLOYMENT_TARGET = 4.0;
				LIBRARY_SEARCH_PATHS = ../../build/lib/arm;
				OTHER_CFLAGS = "-DNS_BLOCK_ASSERTIONS=1";
				SDKROOT = iphoneos;
			};
			name = Distribution;
		};
		15125E60137050D400EC4CA7 /* Distribution */ = {
			isa = XCBuildConfiguration;
			buildSettings = {
				ALWAYS_SEARCH_USER_PATHS = NO;
				ARCHS = "$(ARCHS_STANDARD_32_BIT)";
				COPY_PHASE_STRIP = YES;
				GCC_C_LANGUAGE_STANDARD = c99;
				GCC_PRECOMPILE_PREFIX_HEADER = YES;
				GCC_PREFIX_HEADER = "FrameMarkers/FrameMarkers-Prefix.pch";
				"GCC_THUMB_SUPPORT[arch=armv6]" = "";
				HEADER_SEARCH_PATHS = ../../build/include;
				INFOPLIST_FILE = "FrameMarkers/FrameMarkers-Info.plist";
				IPHONEOS_DEPLOYMENT_TARGET = 4.0;
				LIBRARY_SEARCH_PATHS = ../../build/lib/arm;
				PRODUCT_NAME = "$(TARGET_NAME)";
				"PROVISIONING_PROFILE[sdk=iphoneos*]" = "";
				SDKROOT = iphoneos;
				TARGETED_DEVICE_FAMILY = "1,2";
				VALIDATE_PRODUCT = YES;
				WRAPPER_EXTENSION = app;
				CODE_SIGN_IDENTITY = "iPhone Developer";
			};
			name = Distribution;
		};
		15B1746C136846C200AAA492 /* Debug */ = {
			isa = XCBuildConfiguration;
			buildSettings = {
				ARCHS = "$(ARCHS_STANDARD_32_BIT)";
				CODE_SIGN_IDENTITY = "iPhone Developer";
				GCC_C_LANGUAGE_STANDARD = gnu99;
				GCC_OPTIMIZATION_LEVEL = 0;
				GCC_PREPROCESSOR_DEFINITIONS = DEBUG;
				GCC_SYMBOLS_PRIVATE_EXTERN = NO;
				GCC_WARN_ABOUT_RETURN_TYPE = YES;
				GCC_WARN_UNUSED_VARIABLE = YES;
				HEADER_SEARCH_PATHS = ../../build/include;
				IPHONEOS_DEPLOYMENT_TARGET = 4.0;
				LIBRARY_SEARCH_PATHS = ../../build/lib/arm;
				SDKROOT = iphoneos;
			};
			name = Debug;
		};
		15B1746D136846C200AAA492 /* Release */ = {
			isa = XCBuildConfiguration;
			buildSettings = {
				ARCHS = "$(ARCHS_STANDARD_32_BIT)";
				CODE_SIGN_IDENTITY = "iPhone Developer";
				GCC_C_LANGUAGE_STANDARD = gnu99;
				GCC_WARN_ABOUT_RETURN_TYPE = YES;
				GCC_WARN_UNUSED_VARIABLE = YES;
				HEADER_SEARCH_PATHS = ../../build/include;
				IPHONEOS_DEPLOYMENT_TARGET = 4.0;
				LIBRARY_SEARCH_PATHS = ../../build/lib/arm;
				OTHER_CFLAGS = "-DNS_BLOCK_ASSERTIONS=1";
				SDKROOT = iphoneos;
			};
			name = Release;
		};
		15B1746F136846C200AAA492 /* Debug */ = {
			isa = XCBuildConfiguration;
			buildSettings = {
				ALWAYS_SEARCH_USER_PATHS = NO;
				ARCHS = "$(ARCHS_STANDARD_32_BIT)";
				COPY_PHASE_STRIP = NO;
				GCC_C_LANGUAGE_STANDARD = c99;
				GCC_DYNAMIC_NO_PIC = NO;
				GCC_PRECOMPILE_PREFIX_HEADER = YES;
				GCC_PREFIX_HEADER = "FrameMarkers/FrameMarkers-Prefix.pch";
				"GCC_THUMB_SUPPORT[arch=armv6]" = "";
				HEADER_SEARCH_PATHS = ../../build/include;
				INFOPLIST_FILE = "FrameMarkers/FrameMarkers-Info.plist";
				IPHONEOS_DEPLOYMENT_TARGET = 4.0;
				LIBRARY_SEARCH_PATHS = ../../build/lib/arm;
				PRODUCT_NAME = "$(TARGET_NAME)";
				SDKROOT = iphoneos;
				TARGETED_DEVICE_FAMILY = "1,2";
				WRAPPER_EXTENSION = app;
				CODE_SIGN_IDENTITY = "iPhone Developer";
			};
			name = Debug;
		};
		15B17470136846C200AAA492 /* Release */ = {
			isa = XCBuildConfiguration;
			buildSettings = {
				ALWAYS_SEARCH_USER_PATHS = NO;
				ARCHS = "$(ARCHS_STANDARD_32_BIT)";
				COPY_PHASE_STRIP = YES;
				GCC_C_LANGUAGE_STANDARD = c99;
				GCC_PRECOMPILE_PREFIX_HEADER = YES;
				GCC_PREFIX_HEADER = "FrameMarkers/FrameMarkers-Prefix.pch";
				"GCC_THUMB_SUPPORT[arch=armv6]" = "";
				HEADER_SEARCH_PATHS = ../../build/include;
				INFOPLIST_FILE = "FrameMarkers/FrameMarkers-Info.plist";
				IPHONEOS_DEPLOYMENT_TARGET = 4.0;
				LIBRARY_SEARCH_PATHS = ../../build/lib/arm;
				PRODUCT_NAME = "$(TARGET_NAME)";
				SDKROOT = iphoneos;
				TARGETED_DEVICE_FAMILY = "1,2";
				VALIDATE_PRODUCT = YES;
				WRAPPER_EXTENSION = app;
				CODE_SIGN_IDENTITY = "iPhone Developer";
			};
			name = Release;
		};
/* End XCBuildConfiguration section */

/* Begin XCConfigurationList section */
		15B1743C136846C200AAA492 /* Build configuration list for PBXProject "FrameMarkers" */ = {
			isa = XCConfigurationList;
			buildConfigurations = (
				15B1746C136846C200AAA492 /* Debug */,
				15B1746D136846C200AAA492 /* Release */,
				15125E5F137050D400EC4CA7 /* Distribution */,
			);
			defaultConfigurationIsVisible = 0;
			defaultConfigurationName = Release;
		};
		15B1746E136846C200AAA492 /* Build configuration list for PBXNativeTarget "FrameMarkers" */ = {
			isa = XCConfigurationList;
			buildConfigurations = (
				15B1746F136846C200AAA492 /* Debug */,
				15B17470136846C200AAA492 /* Release */,
				15125E60137050D400EC4CA7 /* Distribution */,
			);
			defaultConfigurationIsVisible = 0;
			defaultConfigurationName = Release;
		};
/* End XCConfigurationList section */
	};
	rootObject = 15B17439136846C200AAA492 /* Project object */;
}
