// !$*UTF8*$!
{
	archiveVersion = 1;
	classes = {
	};
	objectVersion = 46;
	objects = {

/* Begin PBXBuildFile section */
		15230E4913B1EFB80073F1EB /* VirtualButtonsAppDelegate.mm in Sources */ = {isa = PBXBuildFile; fileRef = 15230E4813B1EFB80073F1EB /* VirtualButtonsAppDelegate.mm */; };
		158A0C691355D1D4008B5D90 /* UIKit.framework in Frameworks */ = {isa = PBXBuildFile; fileRef = 158A0C681355D1D4008B5D90 /* UIKit.framework */; };
		158A0C6B1355D1D4008B5D90 /* Foundation.framework in Frameworks */ = {isa = PBXBuildFile; fileRef = 158A0C6A1355D1D4008B5D90 /* Foundation.framework */; };
		158A0C6D1355D1D4008B5D90 /* CoreGraphics.framework in Frameworks */ = {isa = PBXBuildFile; fileRef = 158A0C6C1355D1D4008B5D90 /* CoreGraphics.framework */; };
		158A0C6F1355D1D4008B5D90 /* QuartzCore.framework in Frameworks */ = {isa = PBXBuildFile; fileRef = 158A0C6E1355D1D4008B5D90 /* QuartzCore.framework */; };
		158A0C711355D1D4008B5D90 /* OpenGLES.framework in Frameworks */ = {isa = PBXBuildFile; fileRef = 158A0C701355D1D4008B5D90 /* OpenGLES.framework */; };
		158A0C7A1355D1D4008B5D90 /* main.m in Sources */ = {isa = PBXBuildFile; fileRef = 158A0C791355D1D4008B5D90 /* main.m */; };
		158A0CCF1355DA4F008B5D90 /* libQCAR.a in Frameworks */ = {isa = PBXBuildFile; fileRef = 158A0CCE1355DA4F008B5D90 /* libQCAR.a */; };
		158A0CD11355DA75008B5D90 /* Security.framework in Frameworks */ = {isa = PBXBuildFile; fileRef = 158A0CD01355DA75008B5D90 /* Security.framework */; };
		158A0CD51355DAF8008B5D90 /* CoreVideo.framework in Frameworks */ = {isa = PBXBuildFile; fileRef = 158A0CD41355DAF8008B5D90 /* CoreVideo.framework */; };
		158A0CD71355DB17008B5D90 /* AVFoundation.framework in Frameworks */ = {isa = PBXBuildFile; fileRef = 158A0CD61355DB16008B5D90 /* AVFoundation.framework */; };
		158A0CD91355DB26008B5D90 /* SystemConfiguration.framework in Frameworks */ = {isa = PBXBuildFile; fileRef = 158A0CD81355DB26008B5D90 /* SystemConfiguration.framework */; };
		158A0CDB1355DB52008B5D90 /* CoreMedia.framework in Frameworks */ = {isa = PBXBuildFile; fileRef = 158A0CDA1355DB52008B5D90 /* CoreMedia.framework */; };
		158A0CEC1355DC98008B5D90 /* TextureTeapotBlue.png in Resources */ = {isa = PBXBuildFile; fileRef = 158A0CE81355DC98008B5D90 /* TextureTeapotBlue.png */; };
		158A0CED1355DC98008B5D90 /* TextureTeapotBrass.png in Resources */ = {isa = PBXBuildFile; fileRef = 158A0CE91355DC98008B5D90 /* TextureTeapotBrass.png */; };
		159668041355E6080010786A /* TextureTeapotGreen.png in Resources */ = {isa = PBXBuildFile; fileRef = 159668011355E6080010786A /* TextureTeapotGreen.png */; };
		159668051355E6080010786A /* TextureTeapotRed.png in Resources */ = {isa = PBXBuildFile; fileRef = 159668021355E6080010786A /* TextureTeapotRed.png */; };
		159668061355E6080010786A /* TextureTeapotYellow.png in Resources */ = {isa = PBXBuildFile; fileRef = 159668031355E6080010786A /* TextureTeapotYellow.png */; };
		15982348135F0B24005D176B /* EAGLView.mm in Sources */ = {isa = PBXBuildFile; fileRef = 15982347135F0B24005D176B /* EAGLView.mm */; };
		7654D4F614D070B3009B694A /* icon_vuforia_57x57.png in Resources */ = {isa = PBXBuildFile; fileRef = 7654D4F514D070B3009B694A /* icon_vuforia_57x57.png */; };
		7654D4F814D070B8009B694A /* icon_vuforia_114x114.png in Resources */ = {isa = PBXBuildFile; fileRef = 7654D4F714D070B8009B694A /* icon_vuforia_114x114.png */; };
		7654D4FA14D070C4009B694A /* Default.png in Resources */ = {isa = PBXBuildFile; fileRef = 7654D4F914D070C4009B694A /* Default.png */; };
		7654D4FC14D070CC009B694A /* Default@2x.png in Resources */ = {isa = PBXBuildFile; fileRef = 7654D4FB14D070CC009B694A /* Default@2x.png */; };
		7654D4FE14D07103009B694A /* icon_vuforia_72x72.png in Resources */ = {isa = PBXBuildFile; fileRef = 7654D4FD14D07103009B694A /* icon_vuforia_72x72.png */; };
		7654D50014D0712A009B694A /* Default-Portrait~ipad.png in Resources */ = {isa = PBXBuildFile; fileRef = 7654D4FF14D0712A009B694A /* Default-Portrait~ipad.png */; };
		76B23A0114486CC3006856EF /* AR_EAGLView.mm in Sources */ = {isa = PBXBuildFile; fileRef = 76B239EF14486CC3006856EF /* AR_EAGLView.mm */; };
		76B23A0214486CC3006856EF /* ARParentViewController.m in Sources */ = {isa = PBXBuildFile; fileRef = 76B239F114486CC3006856EF /* ARParentViewController.m */; };
		76B23A0314486CC3006856EF /* ARViewController.mm in Sources */ = {isa = PBXBuildFile; fileRef = 76B239F314486CC3006856EF /* ARViewController.mm */; };
		76B23A0414486CC3006856EF /* OverlayView.m in Sources */ = {isa = PBXBuildFile; fileRef = 76B239F514486CC3006856EF /* OverlayView.m */; };
		76B23A0514486CC3006856EF /* OverlayViewController.mm in Sources */ = {isa = PBXBuildFile; fileRef = 76B239F714486CC3006856EF /* OverlayViewController.mm */; };
		76B23A0614486CC3006856EF /* QCARutils.mm in Sources */ = {isa = PBXBuildFile; fileRef = 76B239F914486CC3006856EF /* QCARutils.mm */; };
		76B23A0914486CC3006856EF /* ShaderUtils.cpp in Sources */ = {isa = PBXBuildFile; fileRef = 76B239FD14486CC3006856EF /* ShaderUtils.cpp */; };
		76B23A0A14486CC3006856EF /* Texture.mm in Sources */ = {isa = PBXBuildFile; fileRef = 76B23A0014486CC3006856EF /* Texture.mm */; };
		76B23A25144884CE006856EF /* VBParentViewController.m in Sources */ = {isa = PBXBuildFile; fileRef = 76B23A24144884CE006856EF /* VBParentViewController.m */; };
		76B23A28144884E4006856EF /* VBOverlayViewController.mm in Sources */ = {isa = PBXBuildFile; fileRef = 76B23A27144884E4006856EF /* VBOverlayViewController.mm */; };
		76CEC848146D49F0009E8098 /* Wood.dat in Resources */ = {isa = PBXBuildFile; fileRef = 76CEC846146D49F0009E8098 /* Wood.dat */; };
		76CEC849146D49F0009E8098 /* Wood.xml in Resources */ = {isa = PBXBuildFile; fileRef = 76CEC847146D49F0009E8098 /* Wood.xml */; };
/* End PBXBuildFile section */

/* Begin PBXFileReference section */
		15230E4813B1EFB80073F1EB /* VirtualButtonsAppDelegate.mm */ = {isa = PBXFileReference; fileEncoding = 4; lastKnownFileType = sourcecode.cpp.objcpp; path = VirtualButtonsAppDelegate.mm; sourceTree = "<group>"; };
		158A0C641355D1D4008B5D90 /* VirtualButtons.app */ = {isa = PBXFileReference; explicitFileType = wrapper.application; includeInIndex = 0; path = VirtualButtons.app; sourceTree = BUILT_PRODUCTS_DIR; };
		158A0C681355D1D4008B5D90 /* UIKit.framework */ = {isa = PBXFileReference; lastKnownFileType = wrapper.framework; name = UIKit.framework; path = System/Library/Frameworks/UIKit.framework; sourceTree = SDKROOT; };
		158A0C6A1355D1D4008B5D90 /* Foundation.framework */ = {isa = PBXFileReference; lastKnownFileType = wrapper.framework; name = Foundation.framework; path = System/Library/Frameworks/Foundation.framework; sourceTree = SDKROOT; };
		158A0C6C1355D1D4008B5D90 /* CoreGraphics.framework */ = {isa = PBXFileReference; lastKnownFileType = wrapper.framework; name = CoreGraphics.framework; path = System/Library/Frameworks/CoreGraphics.framework; sourceTree = SDKROOT; };
		158A0C6E1355D1D4008B5D90 /* QuartzCore.framework */ = {isa = PBXFileReference; lastKnownFileType = wrapper.framework; name = QuartzCore.framework; path = System/Library/Frameworks/QuartzCore.framework; sourceTree = SDKROOT; };
		158A0C701355D1D4008B5D90 /* OpenGLES.framework */ = {isa = PBXFileReference; lastKnownFileType = wrapper.framework; name = OpenGLES.framework; path = System/Library/Frameworks/OpenGLES.framework; sourceTree = SDKROOT; };
		158A0C741355D1D4008B5D90 /* VirtualButtons-Info.plist */ = {isa = PBXFileReference; lastKnownFileType = text.plist.xml; path = "VirtualButtons-Info.plist"; sourceTree = "<group>"; };
		158A0C781355D1D4008B5D90 /* VirtualButtons-Prefix.pch */ = {isa = PBXFileReference; lastKnownFileType = sourcecode.c.h; path = "VirtualButtons-Prefix.pch"; sourceTree = "<group>"; };
		158A0C791355D1D4008B5D90 /* main.m */ = {isa = PBXFileReference; lastKnownFileType = sourcecode.c.objc; path = main.m; sourceTree = "<group>"; };
		158A0C7B1355D1D4008B5D90 /* VirtualButtonsAppDelegate.h */ = {isa = PBXFileReference; lastKnownFileType = sourcecode.c.h; path = VirtualButtonsAppDelegate.h; sourceTree = "<group>"; };
		158A0C851355D1D4008B5D90 /* EAGLView.h */ = {isa = PBXFileReference; lastKnownFileType = sourcecode.c.h; path = EAGLView.h; sourceTree = "<group>"; };
		158A0C9C1355D687008B5D90 /* Teapot.h */ = {isa = PBXFileReference; fileEncoding = 4; lastKnownFileType = sourcecode.c.h; path = Teapot.h; sourceTree = "<group>"; };
		158A0CCE1355DA4F008B5D90 /* libQCAR.a */ = {isa = PBXFileReference; lastKnownFileType = archive.ar; name = libQCAR.a; path = ../../build/lib/arm/libQCAR.a; sourceTree = SOURCE_ROOT; };
		158A0CD01355DA75008B5D90 /* Security.framework */ = {isa = PBXFileReference; lastKnownFileType = wrapper.framework; name = Security.framework; path = System/Library/Frameworks/Security.framework; sourceTree = SDKROOT; };
		158A0CD21355DA86008B5D90 /* AVFoundation.framework */ = {isa = PBXFileReference; lastKnownFileType = wrapper.framework; name = AVFoundation.framework; path = System/Library/Frameworks/AVFoundation.framework; sourceTree = SDKROOT; };
		158A0CD41355DAF8008B5D90 /* CoreVideo.framework */ = {isa = PBXFileReference; lastKnownFileType = wrapper.framework; name = CoreVideo.framework; path = System/Library/Frameworks/CoreVideo.framework; sourceTree = SDKROOT; };
		158A0CD61355DB16008B5D90 /* AVFoundation.framework */ = {isa = PBXFileReference; lastKnownFileType = wrapper.framework; name = AVFoundation.framework; path = System/Library/Frameworks/AVFoundation.framework; sourceTree = SDKROOT; };
		158A0CD81355DB26008B5D90 /* SystemConfiguration.framework */ = {isa = PBXFileReference; lastKnownFileType = wrapper.framework; name = SystemConfiguration.framework; path = System/Library/Frameworks/SystemConfiguration.framework; sourceTree = SDKROOT; };
		158A0CDA1355DB52008B5D90 /* CoreMedia.framework */ = {isa = PBXFileReference; lastKnownFileType = wrapper.framework; name = CoreMedia.framework; path = System/Library/Frameworks/CoreMedia.framework; sourceTree = SDKROOT; };
		158A0CE81355DC98008B5D90 /* TextureTeapotBlue.png */ = {isa = PBXFileReference; lastKnownFileType = image.png; path = TextureTeapotBlue.png; sourceTree = "<group>"; };
		158A0CE91355DC98008B5D90 /* TextureTeapotBrass.png */ = {isa = PBXFileReference; lastKnownFileType = image.png; path = TextureTeapotBrass.png; sourceTree = "<group>"; };
		159668011355E6080010786A /* TextureTeapotGreen.png */ = {isa = PBXFileReference; lastKnownFileType = image.png; path = TextureTeapotGreen.png; sourceTree = "<group>"; };
		159668021355E6080010786A /* TextureTeapotRed.png */ = {isa = PBXFileReference; lastKnownFileType = image.png; path = TextureTeapotRed.png; sourceTree = "<group>"; };
		159668031355E6080010786A /* TextureTeapotYellow.png */ = {isa = PBXFileReference; lastKnownFileType = image.png; path = TextureTeapotYellow.png; sourceTree = "<group>"; };
		15982347135F0B24005D176B /* EAGLView.mm */ = {isa = PBXFileReference; fileEncoding = 4; lastKnownFileType = sourcecode.cpp.objcpp; path = EAGLView.mm; sourceTree = "<group>"; };
		7654D4F514D070B3009B694A /* icon_vuforia_57x57.png */ = {isa = PBXFileReference; lastKnownFileType = image.png; path = icon_vuforia_57x57.png; sourceTree = "<group>"; };
		7654D4F714D070B8009B694A /* icon_vuforia_114x114.png */ = {isa = PBXFileReference; lastKnownFileType = image.png; path = icon_vuforia_114x114.png; sourceTree = "<group>"; };
		7654D4F914D070C4009B694A /* Default.png */ = {isa = PBXFileReference; lastKnownFileType = image.png; path = Default.png; sourceTree = "<group>"; };
		7654D4FB14D070CC009B694A /* Default@2x.png */ = {isa = PBXFileReference; lastKnownFileType = image.png; path = "Default@2x.png"; sourceTree = "<group>"; };
		7654D4FD14D07103009B694A /* icon_vuforia_72x72.png */ = {isa = PBXFileReference; lastKnownFileType = image.png; path = icon_vuforia_72x72.png; sourceTree = "<group>"; };
		7654D4FF14D0712A009B694A /* Default-Portrait~ipad.png */ = {isa = PBXFileReference; lastKnownFileType = image.png; path = "Default-Portrait~ipad.png"; sourceTree = "<group>"; };
		76B239EE14486CC3006856EF /* AR_EAGLView.h */ = {isa = PBXFileReference; fileEncoding = 4; lastKnownFileType = sourcecode.c.h; name = AR_EAGLView.h; path = ../../ARCommon/AR_EAGLView.h; sourceTree = "<group>"; };
		76B239EF14486CC3006856EF /* AR_EAGLView.mm */ = {isa = PBXFileReference; fileEncoding = 4; lastKnownFileType = sourcecode.cpp.objcpp; name = AR_EAGLView.mm; path = ../../ARCommon/AR_EAGLView.mm; sourceTree = "<group>"; };
		76B239F014486CC3006856EF /* ARParentViewController.h */ = {isa = PBXFileReference; fileEncoding = 4; lastKnownFileType = sourcecode.c.h; name = ARParentViewController.h; path = ../../ARCommon/ARParentViewController.h; sourceTree = "<group>"; };
		76B239F114486CC3006856EF /* ARParentViewController.m */ = {isa = PBXFileReference; fileEncoding = 4; lastKnownFileType = sourcecode.c.objc; name = ARParentViewController.m; path = ../../ARCommon/ARParentViewController.m; sourceTree = "<group>"; };
		76B239F214486CC3006856EF /* ARViewController.h */ = {isa = PBXFileReference; fileEncoding = 4; lastKnownFileType = sourcecode.c.h; name = ARViewController.h; path = ../../ARCommon/ARViewController.h; sourceTree = "<group>"; };
		76B239F314486CC3006856EF /* ARViewController.mm */ = {isa = PBXFileReference; fileEncoding = 4; lastKnownFileType = sourcecode.cpp.objcpp; name = ARViewController.mm; path = ../../ARCommon/ARViewController.mm; sourceTree = "<group>"; };
		76B239F414486CC3006856EF /* OverlayView.h */ = {isa = PBXFileReference; fileEncoding = 4; lastKnownFileType = sourcecode.c.h; name = OverlayView.h; path = ../../ARCommon/OverlayView.h; sourceTree = "<group>"; };
		76B239F514486CC3006856EF /* OverlayView.m */ = {isa = PBXFileReference; fileEncoding = 4; lastKnownFileType = sourcecode.c.objc; name = OverlayView.m; path = ../../ARCommon/OverlayView.m; sourceTree = "<group>"; };
		76B239F614486CC3006856EF /* OverlayViewController.h */ = {isa = PBXFileReference; fileEncoding = 4; lastKnownFileType = sourcecode.c.h; name = OverlayViewController.h; path = ../../ARCommon/OverlayViewController.h; sourceTree = "<group>"; };
		76B239F714486CC3006856EF /* OverlayViewController.mm */ = {isa = PBXFileReference; fileEncoding = 4; lastKnownFileType = sourcecode.cpp.objcpp; name = OverlayViewController.mm; path = ../../ARCommon/OverlayViewController.mm; sourceTree = "<group>"; };
		76B239F814486CC3006856EF /* QCARutils.h */ = {isa = PBXFileReference; fileEncoding = 4; lastKnownFileType = sourcecode.c.h; name = QCARutils.h; path = ../../ARCommon/QCARutils.h; sourceTree = "<group>"; };
		76B239F914486CC3006856EF /* QCARutils.mm */ = {isa = PBXFileReference; fileEncoding = 4; lastKnownFileType = sourcecode.cpp.objcpp; name = QCARutils.mm; path = ../../ARCommon/QCARutils.mm; sourceTree = "<group>"; };
		76B239FB14486CC3006856EF /* Shader.fsh */ = {isa = PBXFileReference; fileEncoding = 4; lastKnownFileType = sourcecode.glsl; path = Shader.fsh; sourceTree = "<group>"; };
		76B239FC14486CC3006856EF /* Shader.vsh */ = {isa = PBXFileReference; fileEncoding = 4; lastKnownFileType = sourcecode.glsl; path = Shader.vsh; sourceTree = "<group>"; };
		76B239FD14486CC3006856EF /* ShaderUtils.cpp */ = {isa = PBXFileReference; fileEncoding = 4; lastKnownFileType = sourcecode.cpp.cpp; name = ShaderUtils.cpp; path = ../../ARCommon/ShaderUtils.cpp; sourceTree = "<group>"; };
		76B239FE14486CC3006856EF /* ShaderUtils.h */ = {isa = PBXFileReference; fileEncoding = 4; lastKnownFileType = sourcecode.c.h; name = ShaderUtils.h; path = ../../ARCommon/ShaderUtils.h; sourceTree = "<group>"; };
		76B239FF14486CC3006856EF /* Texture.h */ = {isa = PBXFileReference; fileEncoding = 4; lastKnownFileType = sourcecode.c.h; name = Texture.h; path = ../../ARCommon/Texture.h; sourceTree = "<group>"; };
		76B23A0014486CC3006856EF /* Texture.mm */ = {isa = PBXFileReference; fileEncoding = 4; lastKnownFileType = sourcecode.cpp.objcpp; name = Texture.mm; path = ../../ARCommon/Texture.mm; sourceTree = "<group>"; };
		76B23A23144884CD006856EF /* VBParentViewController.h */ = {isa = PBXFileReference; fileEncoding = 4; lastKnownFileType = sourcecode.c.h; path = VBParentViewController.h; sourceTree = "<group>"; };
		76B23A24144884CE006856EF /* VBParentViewController.m */ = {isa = PBXFileReference; fileEncoding = 4; lastKnownFileType = sourcecode.c.objc; path = VBParentViewController.m; sourceTree = "<group>"; };
		76B23A26144884E4006856EF /* VBOverlayViewController.h */ = {isa = PBXFileReference; fileEncoding = 4; lastKnownFileType = sourcecode.c.h; path = VBOverlayViewController.h; sourceTree = "<group>"; };
		76B23A27144884E4006856EF /* VBOverlayViewController.mm */ = {isa = PBXFileReference; fileEncoding = 4; lastKnownFileType = sourcecode.cpp.objcpp; path = VBOverlayViewController.mm; sourceTree = "<group>"; };
		76CEC846146D49F0009E8098 /* Wood.dat */ = {isa = PBXFileReference; lastKnownFileType = file; path = Wood.dat; sourceTree = "<group>"; };
		76CEC847146D49F0009E8098 /* Wood.xml */ = {isa = PBXFileReference; fileEncoding = 4; lastKnownFileType = text.xml; path = Wood.xml; sourceTree = "<group>"; };
		CC4C183914C7363900040AE1 /* VBShader.fsh */ = {isa = PBXFileReference; fileEncoding = 4; lastKnownFileType = sourcecode.glsl; name = VBShader.fsh; path = VirtualButtons/Shaders/VBShader.fsh; sourceTree = SOURCE_ROOT; };
		CC4C183A14C7363900040AE1 /* VBShader.vsh */ = {isa = PBXFileReference; fileEncoding = 4; lastKnownFileType = sourcecode.glsl; name = VBShader.vsh; path = VirtualButtons/Shaders/VBShader.vsh; sourceTree = SOURCE_ROOT; };
/* End PBXFileReference section */

/* Begin PBXFrameworksBuildPhase section */
		158A0C611355D1D4008B5D90 /* Frameworks */ = {
			isa = PBXFrameworksBuildPhase;
			buildActionMask = 2147483647;
			files = (
				158A0CDB1355DB52008B5D90 /* CoreMedia.framework in Frameworks */,
				158A0CD91355DB26008B5D90 /* SystemConfiguration.framework in Frameworks */,
				158A0CD71355DB17008B5D90 /* AVFoundation.framework in Frameworks */,
				158A0CD51355DAF8008B5D90 /* CoreVideo.framework in Frameworks */,
				158A0CD11355DA75008B5D90 /* Security.framework in Frameworks */,
				158A0CCF1355DA4F008B5D90 /* libQCAR.a in Frameworks */,
				158A0C691355D1D4008B5D90 /* UIKit.framework in Frameworks */,
				158A0C6B1355D1D4008B5D90 /* Foundation.framework in Frameworks */,
				158A0C6D1355D1D4008B5D90 /* CoreGraphics.framework in Frameworks */,
				158A0C6F1355D1D4008B5D90 /* QuartzCore.framework in Frameworks */,
				158A0C711355D1D4008B5D90 /* OpenGLES.framework in Frameworks */,
			);
			runOnlyForDeploymentPostprocessing = 0;
		};
/* End PBXFrameworksBuildPhase section */

/* Begin PBXGroup section */
		158A0C591355D1D4008B5D90 = {
			isa = PBXGroup;
			children = (
				7654D4FF14D0712A009B694A /* Default-Portrait~ipad.png */,
				7654D4FD14D07103009B694A /* icon_vuforia_72x72.png */,
				7654D4FB14D070CC009B694A /* Default@2x.png */,
				7654D4F914D070C4009B694A /* Default.png */,
				7654D4F714D070B8009B694A /* icon_vuforia_114x114.png */,
				7654D4F514D070B3009B694A /* icon_vuforia_57x57.png */,
				158A0CDC1355DC3A008B5D90 /* Resources */,
				158A0C721355D1D4008B5D90 /* VirtualButtons */,
				158A0C671355D1D4008B5D90 /* Frameworks */,
				158A0C651355D1D4008B5D90 /* Products */,
			);
			sourceTree = "<group>";
		};
		158A0C651355D1D4008B5D90 /* Products */ = {
			isa = PBXGroup;
			children = (
				158A0C641355D1D4008B5D90 /* VirtualButtons.app */,
			);
			name = Products;
			sourceTree = "<group>";
		};
		158A0C671355D1D4008B5D90 /* Frameworks */ = {
			isa = PBXGroup;
			children = (
				158A0C681355D1D4008B5D90 /* UIKit.framework */,
				158A0C6A1355D1D4008B5D90 /* Foundation.framework */,
				158A0C6C1355D1D4008B5D90 /* CoreGraphics.framework */,
				158A0C6E1355D1D4008B5D90 /* QuartzCore.framework */,
				158A0C701355D1D4008B5D90 /* OpenGLES.framework */,
				158A0CDA1355DB52008B5D90 /* CoreMedia.framework */,
				158A0CD81355DB26008B5D90 /* SystemConfiguration.framework */,
				158A0CD61355DB16008B5D90 /* AVFoundation.framework */,
				158A0CD41355DAF8008B5D90 /* CoreVideo.framework */,
				158A0CD21355DA86008B5D90 /* AVFoundation.framework */,
				158A0CD01355DA75008B5D90 /* Security.framework */,
				158A0CCE1355DA4F008B5D90 /* libQCAR.a */,
			);
			name = Frameworks;
			sourceTree = "<group>";
		};
		158A0C721355D1D4008B5D90 /* VirtualButtons */ = {
			isa = PBXGroup;
			children = (
				76B239ED14486C8C006856EF /* ARCommon */,
				158A0C851355D1D4008B5D90 /* EAGLView.h */,
				15982347135F0B24005D176B /* EAGLView.mm */,
				158A0C7B1355D1D4008B5D90 /* VirtualButtonsAppDelegate.h */,
				15230E4813B1EFB80073F1EB /* VirtualButtonsAppDelegate.mm */,
				76B23A23144884CD006856EF /* VBParentViewController.h */,
				76B23A24144884CE006856EF /* VBParentViewController.m */,
				76B23A26144884E4006856EF /* VBOverlayViewController.h */,
				76B23A27144884E4006856EF /* VBOverlayViewController.mm */,
				158A0C731355D1D4008B5D90 /* Supporting Files */,
			);
			path = VirtualButtons;
			sourceTree = "<group>";
		};
		158A0C731355D1D4008B5D90 /* Supporting Files */ = {
			isa = PBXGroup;
			children = (
				158A0C9C1355D687008B5D90 /* Teapot.h */,
				158A0C741355D1D4008B5D90 /* VirtualButtons-Info.plist */,
				158A0C781355D1D4008B5D90 /* VirtualButtons-Prefix.pch */,
				158A0C791355D1D4008B5D90 /* main.m */,
			);
			name = "Supporting Files";
			sourceTree = "<group>";
		};
		158A0CDC1355DC3A008B5D90 /* Resources */ = {
			isa = PBXGroup;
			children = (
				158A0CE51355DC98008B5D90 /* assets */,
			);
			name = Resources;
			path = VirtualButtons;
			sourceTree = "<group>";
		};
		158A0CE51355DC98008B5D90 /* assets */ = {
			isa = PBXGroup;
			children = (
				76CEC846146D49F0009E8098 /* Wood.dat */,
				76CEC847146D49F0009E8098 /* Wood.xml */,
				158A0CE81355DC98008B5D90 /* TextureTeapotBlue.png */,
				158A0CE91355DC98008B5D90 /* TextureTeapotBrass.png */,
				159668011355E6080010786A /* TextureTeapotGreen.png */,
				159668021355E6080010786A /* TextureTeapotRed.png */,
				159668031355E6080010786A /* TextureTeapotYellow.png */,
			);
			path = assets;
			sourceTree = "<group>";
		};
		76B239ED14486C8C006856EF /* ARCommon */ = {
			isa = PBXGroup;
			children = (
				76B239EE14486CC3006856EF /* AR_EAGLView.h */,
				76B239EF14486CC3006856EF /* AR_EAGLView.mm */,
				76B239F014486CC3006856EF /* ARParentViewController.h */,
				76B239F114486CC3006856EF /* ARParentViewController.m */,
				76B239F214486CC3006856EF /* ARViewController.h */,
				76B239F314486CC3006856EF /* ARViewController.mm */,
				76B239F414486CC3006856EF /* OverlayView.h */,
				76B239F514486CC3006856EF /* OverlayView.m */,
				76B239F614486CC3006856EF /* OverlayViewController.h */,
				76B239F714486CC3006856EF /* OverlayViewController.mm */,
				76B239F814486CC3006856EF /* QCARutils.h */,
				76B239F914486CC3006856EF /* QCARutils.mm */,
				76B239FA14486CC3006856EF /* Shaders */,
				76B239FD14486CC3006856EF /* ShaderUtils.cpp */,
				76B239FE14486CC3006856EF /* ShaderUtils.h */,
				76B239FF14486CC3006856EF /* Texture.h */,
				76B23A0014486CC3006856EF /* Texture.mm */,
			);
			name = ARCommon;
			sourceTree = "<group>";
		};
		76B239FA14486CC3006856EF /* Shaders */ = {
			isa = PBXGroup;
			children = (
				CC4C183914C7363900040AE1 /* VBShader.fsh */,
				CC4C183A14C7363900040AE1 /* VBShader.vsh */,
				76B239FB14486CC3006856EF /* Shader.fsh */,
				76B239FC14486CC3006856EF /* Shader.vsh */,
			);
			name = Shaders;
			path = ../../ARCommon/Shaders;
			sourceTree = "<group>";
		};
/* End PBXGroup section */

/* Begin PBXNativeTarget section */
		158A0C631355D1D4008B5D90 /* VirtualButtons */ = {
			isa = PBXNativeTarget;
			buildConfigurationList = 158A0C901355D1D4008B5D90 /* Build configuration list for PBXNativeTarget "VirtualButtons" */;
			buildPhases = (
				158A0C601355D1D4008B5D90 /* Sources */,
				158A0C611355D1D4008B5D90 /* Frameworks */,
				158A0C621355D1D4008B5D90 /* Resources */,
			);
			buildRules = (
			);
			dependencies = (
			);
			name = VirtualButtons;
			productName = VirtualButtons;
			productReference = 158A0C641355D1D4008B5D90 /* VirtualButtons.app */;
			productType = "com.apple.product-type.application";
		};
/* End PBXNativeTarget section */

/* Begin PBXProject section */
		158A0C5B1355D1D4008B5D90 /* Project object */ = {
			isa = PBXProject;
			attributes = {
				LastUpgradeCheck = 0420;
			};
			buildConfigurationList = 158A0C5E1355D1D4008B5D90 /* Build configuration list for PBXProject "VirtualButtons" */;
			compatibilityVersion = "Xcode 3.2";
			developmentRegion = English;
			hasScannedForEncodings = 0;
			knownRegions = (
				en,
			);
			mainGroup = 158A0C591355D1D4008B5D90;
			productRefGroup = 158A0C651355D1D4008B5D90 /* Products */;
			projectDirPath = "";
			projectRoot = "";
			targets = (
				158A0C631355D1D4008B5D90 /* VirtualButtons */,
			);
		};
/* End PBXProject section */

/* Begin PBXResourcesBuildPhase section */
		158A0C621355D1D4008B5D90 /* Resources */ = {
			isa = PBXResourcesBuildPhase;
			buildActionMask = 2147483647;
			files = (
				158A0CEC1355DC98008B5D90 /* TextureTeapotBlue.png in Resources */,
				158A0CED1355DC98008B5D90 /* TextureTeapotBrass.png in Resources */,
				159668041355E6080010786A /* TextureTeapotGreen.png in Resources */,
				159668051355E6080010786A /* TextureTeapotRed.png in Resources */,
				159668061355E6080010786A /* TextureTeapotYellow.png in Resources */,
				76CEC848146D49F0009E8098 /* Wood.dat in Resources */,
				76CEC849146D49F0009E8098 /* Wood.xml in Resources */,
				7654D4F614D070B3009B694A /* icon_vuforia_57x57.png in Resources */,
				7654D4F814D070B8009B694A /* icon_vuforia_114x114.png in Resources */,
				7654D4FA14D070C4009B694A /* Default.png in Resources */,
				7654D4FC14D070CC009B694A /* Default@2x.png in Resources */,
				7654D4FE14D07103009B694A /* icon_vuforia_72x72.png in Resources */,
				7654D50014D0712A009B694A /* Default-Portrait~ipad.png in Resources */,
			);
			runOnlyForDeploymentPostprocessing = 0;
		};
/* End PBXResourcesBuildPhase section */

/* Begin PBXSourcesBuildPhase section */
		158A0C601355D1D4008B5D90 /* Sources */ = {
			isa = PBXSourcesBuildPhase;
			buildActionMask = 2147483647;
			files = (
				158A0C7A1355D1D4008B5D90 /* main.m in Sources */,
				15982348135F0B24005D176B /* EAGLView.mm in Sources */,
				15230E4913B1EFB80073F1EB /* VirtualButtonsAppDelegate.mm in Sources */,
				76B23A0114486CC3006856EF /* AR_EAGLView.mm in Sources */,
				76B23A0214486CC3006856EF /* ARParentViewController.m in Sources */,
				76B23A0314486CC3006856EF /* ARViewController.mm in Sources */,
				76B23A0414486CC3006856EF /* OverlayView.m in Sources */,
				76B23A0514486CC3006856EF /* OverlayViewController.mm in Sources */,
				76B23A0614486CC3006856EF /* QCARutils.mm in Sources */,
				76B23A0914486CC3006856EF /* ShaderUtils.cpp in Sources */,
				76B23A0A14486CC3006856EF /* Texture.mm in Sources */,
				76B23A25144884CE006856EF /* VBParentViewController.m in Sources */,
				76B23A28144884E4006856EF /* VBOverlayViewController.mm in Sources */,
			);
			runOnlyForDeploymentPostprocessing = 0;
		};
/* End PBXSourcesBuildPhase section */

/* Begin XCBuildConfiguration section */
		15869016135EE44C0040DCA7 /* Distribution */ = {
			isa = XCBuildConfiguration;
			buildSettings = {
				ARCHS = "$(ARCHS_STANDARD_32_BIT)";
				CODE_SIGN_IDENTITY = "iPhone Developer";
				GCC_C_LANGUAGE_STANDARD = gnu99;
				GCC_PREPROCESSOR_DEFINITIONS = "";
				GCC_WARN_ABOUT_RETURN_TYPE = YES;
				GCC_WARN_UNUSED_VARIABLE = YES;
				HEADER_SEARCH_PATHS = ../../build/include;
				IPHONEOS_DEPLOYMENT_TARGET = 5.1;
				LIBRARY_SEARCH_PATHS = ../../build/lib/arm;
				OTHER_CFLAGS = "-DNS_BLOCK_ASSERTIONS=1";
				SDKROOT = iphoneos;
			};
			name = Distribution;
		};
		15869017135EE44C0040DCA7 /* Distribution */ = {
			isa = XCBuildConfiguration;
			buildSettings = {
				ALWAYS_SEARCH_USER_PATHS = NO;
				ARCHS = "$(ARCHS_STANDARD_32_BIT)";
				CODE_SIGN_IDENTITY = "iPhone Developer";
				COPY_PHASE_STRIP = YES;
				GCC_PRECOMPILE_PREFIX_HEADER = YES;
				GCC_PREFIX_HEADER = "VirtualButtons/VirtualButtons-Prefix.pch";
				"GCC_THUMB_SUPPORT[arch=armv6]" = "";
				HEADER_SEARCH_PATHS = ../../build/include;
				INFOPLIST_FILE = "VirtualButtons/VirtualButtons-Info.plist";
				IPHONEOS_DEPLOYMENT_TARGET = 5.1;
				LIBRARY_SEARCH_PATHS = ../../build/lib/arm;
				PRODUCT_NAME = "$(TARGET_NAME)";
				PROVISIONING_PROFILE = "";
				SDKROOT = iphoneos;
				TARGETED_DEVICE_FAMILY = "1,2";
				VALIDATE_PRODUCT = YES;
				WRAPPER_EXTENSION = app;
			};
			name = Distribution;
		};
		158A0C8E1355D1D4008B5D90 /* Debug */ = {
			isa = XCBuildConfiguration;
			buildSettings = {
				ARCHS = "$(ARCHS_STANDARD_32_BIT)";
				CODE_SIGN_IDENTITY = "iPhone Developer";
				GCC_C_LANGUAGE_STANDARD = gnu99;
				GCC_OPTIMIZATION_LEVEL = 0;
				GCC_PREPROCESSOR_DEFINITIONS = DEBUG;
				GCC_SYMBOLS_PRIVATE_EXTERN = NO;
				GCC_WARN_ABOUT_RETURN_TYPE = YES;
				GCC_WARN_UNUSED_VARIABLE = YES;
				HEADER_SEARCH_PATHS = ../../build/include;
				IPHONEOS_DEPLOYMENT_TARGET = 5.1;
				LIBRARY_SEARCH_PATHS = ../../build/lib/arm;
				SDKROOT = iphoneos;
			};
			name = Debug;
		};
		158A0C8F1355D1D4008B5D90 /* Release */ = {
			isa = XCBuildConfiguration;
			buildSettings = {
				ARCHS = "$(ARCHS_STANDARD_32_BIT)";
				CODE_SIGN_IDENTITY = "iPhone Developer";
				GCC_C_LANGUAGE_STANDARD = gnu99;
				GCC_PREPROCESSOR_DEFINITIONS = "";
				GCC_WARN_ABOUT_RETURN_TYPE = YES;
				GCC_WARN_UNUSED_VARIABLE = YES;
				HEADER_SEARCH_PATHS = ../../build/include;
				IPHONEOS_DEPLOYMENT_TARGET = 5.1;
				LIBRARY_SEARCH_PATHS = ../../build/lib/arm;
				OTHER_CFLAGS = "-DNS_BLOCK_ASSERTIONS=1";
				SDKROOT = iphoneos;
			};
			name = Release;
		};
		158A0C911355D1D4008B5D90 /* Debug */ = {
			isa = XCBuildConfiguration;
			buildSettings = {
				ALWAYS_SEARCH_USER_PATHS = NO;
				ARCHS = "$(ARCHS_STANDARD_32_BIT)";
				CODE_SIGN_IDENTITY = "iPhone Developer";
				COPY_PHASE_STRIP = NO;
				GCC_DYNAMIC_NO_PIC = NO;
				GCC_PRECOMPILE_PREFIX_HEADER = YES;
				GCC_PREFIX_HEADER = "VirtualButtons/VirtualButtons-Prefix.pch";
				GCC_PREPROCESSOR_DEFINITIONS = DEBUG;
				"GCC_THUMB_SUPPORT[arch=armv6]" = "";
				HEADER_SEARCH_PATHS = ../../build/include;
				INFOPLIST_FILE = "VirtualButtons/VirtualButtons-Info.plist";
				IPHONEOS_DEPLOYMENT_TARGET = 5.1;
				LIBRARY_SEARCH_PATHS = ../../build/lib/arm;
				PRODUCT_NAME = "$(TARGET_NAME)";
				SDKROOT = iphoneos;
				TARGETED_DEVICE_FAMILY = "1,2";
				WRAPPER_EXTENSION = app;
			};
			name = Debug;
		};
		158A0C921355D1D4008B5D90 /* Release */ = {
			isa = XCBuildConfiguration;
			buildSettings = {
				ALWAYS_SEARCH_USER_PATHS = NO;
				ARCHS = "$(ARCHS_STANDARD_32_BIT)";
				CODE_SIGN_IDENTITY = "iPhone Developer";
				COPY_PHASE_STRIP = YES;
				GCC_PRECOMPILE_PREFIX_HEADER = YES;
				GCC_PREFIX_HEADER = "VirtualButtons/VirtualButtons-Prefix.pch";
				"GCC_THUMB_SUPPORT[arch=armv6]" = "";
				HEADER_SEARCH_PATHS = ../../build/include;
				INFOPLIST_FILE = "VirtualButtons/VirtualButtons-Info.plist";
				IPHONEOS_DEPLOYMENT_TARGET = 5.1;
				LIBRARY_SEARCH_PATHS = ../../build/lib/arm;
				PRODUCT_NAME = "$(TARGET_NAME)";
				SDKROOT = iphoneos;
				TARGETED_DEVICE_FAMILY = "1,2";
				VALIDATE_PRODUCT = YES;
				WRAPPER_EXTENSION = app;
			};
			name = Release;
		};
/* End XCBuildConfiguration section */

/* Begin XCConfigurationList section */
		158A0C5E1355D1D4008B5D90 /* Build configuration list for PBXProject "VirtualButtons" */ = {
			isa = XCConfigurationList;
			buildConfigurations = (
				158A0C8E1355D1D4008B5D90 /* Debug */,
				158A0C8F1355D1D4008B5D90 /* Release */,
				15869016135EE44C0040DCA7 /* Distribution */,
			);
			defaultConfigurationIsVisible = 0;
			defaultConfigurationName = Release;
		};
		158A0C901355D1D4008B5D90 /* Build configuration list for PBXNativeTarget "VirtualButtons" */ = {
			isa = XCConfigurationList;
			buildConfigurations = (
				158A0C911355D1D4008B5D90 /* Debug */,
				158A0C921355D1D4008B5D90 /* Release */,
				15869017135EE44C0040DCA7 /* Distribution */,
			);
			defaultConfigurationIsVisible = 0;
			defaultConfigurationName = Release;
		};
/* End XCConfigurationList section */
	};
	rootObject = 158A0C5B1355D1D4008B5D90 /* Project object */;
}
